// !$*UTF8*$!
{
	archiveVersion = 1;
	classes = {
	};
	objectVersion = 50;
	objects = {

/* Begin PBXBuildFile section */
		E40CDA99248DE2D400D9B710 /* ScanRecorderView.swift in Sources */ = {isa = PBXBuildFile; fileRef = E40CDA98248DE2D400D9B710 /* ScanRecorderView.swift */; };
		E40CDA9B248EA19100D9B710 /* CoachingView.swift in Sources */ = {isa = PBXBuildFile; fileRef = E40CDA9A248EA19100D9B710 /* CoachingView.swift */; };
		E40CDA9D248EA19B00D9B710 /* CoachingViewController.swift in Sources */ = {isa = PBXBuildFile; fileRef = E40CDA9C248EA19B00D9B710 /* CoachingViewController.swift */; };
		E40CDA9F248EAD3600D9B710 /* ObjectSelectorView.swift in Sources */ = {isa = PBXBuildFile; fileRef = E40CDA9E248EAD3600D9B710 /* ObjectSelectorView.swift */; };
		E40CDAA1248EAD4200D9B710 /* ObjectSelectorViewController.swift in Sources */ = {isa = PBXBuildFile; fileRef = E40CDAA0248EAD4200D9B710 /* ObjectSelectorViewController.swift */; };
		E40CDAA5248ED7C300D9B710 /* Object.swift in Sources */ = {isa = PBXBuildFile; fileRef = E40CDAA4248ED7C300D9B710 /* Object.swift */; };
		E417194E248FF73000FEC62C /* MinimapViewController.swift in Sources */ = {isa = PBXBuildFile; fileRef = E417194D248FF73000FEC62C /* MinimapViewController.swift */; };
		E4171950248FF73A00FEC62C /* MinimapView.swift in Sources */ = {isa = PBXBuildFile; fileRef = E417194F248FF73A00FEC62C /* MinimapView.swift */; };
		E4171952248FFDEC00FEC62C /* ScanRecorder.swift in Sources */ = {isa = PBXBuildFile; fileRef = E4171951248FFDEC00FEC62C /* ScanRecorder.swift */; };
		E4171954248FFE9400FEC62C /* ARViewProvider.swift in Sources */ = {isa = PBXBuildFile; fileRef = E4171953248FFE9400FEC62C /* ARViewProvider.swift */; };
		E41719562490085300FEC62C /* ScanState.swift in Sources */ = {isa = PBXBuildFile; fileRef = E41719552490085300FEC62C /* ScanState.swift */; };
		E417195824900A0D00FEC62C /* ScanRecorderDelegate.swift in Sources */ = {isa = PBXBuildFile; fileRef = E417195724900A0D00FEC62C /* ScanRecorderDelegate.swift */; };
		E417195A24900CE400FEC62C /* MinimapCameraIndicatorView.swift in Sources */ = {isa = PBXBuildFile; fileRef = E417195924900CE400FEC62C /* MinimapCameraIndicatorView.swift */; };
		E417195C24903ECD00FEC62C /* Plane.swift in Sources */ = {isa = PBXBuildFile; fileRef = E417195B24903ECD00FEC62C /* Plane.swift */; };
		E4171962249062AE00FEC62C /* WallEntity.swift in Sources */ = {isa = PBXBuildFile; fileRef = E4171961249062AE00FEC62C /* WallEntity.swift */; };
		E46252E02489B7B70078DDD7 /* SettingsView.swift in Sources */ = {isa = PBXBuildFile; fileRef = E46252DF2489B7B70078DDD7 /* SettingsView.swift */; };
		E46D26C4248980CD008B5C9A /* AppDelegate.swift in Sources */ = {isa = PBXBuildFile; fileRef = E46D26C3248980CD008B5C9A /* AppDelegate.swift */; };
		E46D26C6248980CD008B5C9A /* SceneDelegate.swift in Sources */ = {isa = PBXBuildFile; fileRef = E46D26C5248980CD008B5C9A /* SceneDelegate.swift */; };
		E46D26CA248980CF008B5C9A /* Assets.xcassets in Resources */ = {isa = PBXBuildFile; fileRef = E46D26C9248980CF008B5C9A /* Assets.xcassets */; };
		E46D26CD248980CF008B5C9A /* Preview Assets.xcassets in Resources */ = {isa = PBXBuildFile; fileRef = E46D26CC248980CF008B5C9A /* Preview Assets.xcassets */; };
		E46D26D0248980CF008B5C9A /* LaunchScreen.storyboard in Resources */ = {isa = PBXBuildFile; fileRef = E46D26CE248980CF008B5C9A /* LaunchScreen.storyboard */; };
		E46D26D9248980FD008B5C9A /* ScanListView.swift in Sources */ = {isa = PBXBuildFile; fileRef = E46D26D8248980FD008B5C9A /* ScanListView.swift */; };
		E46D26DB24898135008B5C9A /* ContentView.swift in Sources */ = {isa = PBXBuildFile; fileRef = E46D26DA24898135008B5C9A /* ContentView.swift */; };
		E46D26DD2489818D008B5C9A /* ScanListCellView.swift in Sources */ = {isa = PBXBuildFile; fileRef = E46D26DC2489818D008B5C9A /* ScanListCellView.swift */; };
		E46D26E6248984E6008B5C9A /* MapperModels.xcdatamodeld in Sources */ = {isa = PBXBuildFile; fileRef = E46D26E4248984E6008B5C9A /* MapperModels.xcdatamodeld */; };
		E46D26E824898C09008B5C9A /* CreateScanView.swift in Sources */ = {isa = PBXBuildFile; fileRef = E46D26E724898C09008B5C9A /* CreateScanView.swift */; };
		E46D26EA2489986C008B5C9A /* ScanView.swift in Sources */ = {isa = PBXBuildFile; fileRef = E46D26E92489986C008B5C9A /* ScanView.swift */; };
		E4D981B6248D8CC600F23C3A /* ScanVisualizationView.swift in Sources */ = {isa = PBXBuildFile; fileRef = E4D981B5248D8CC600F23C3A /* ScanVisualizationView.swift */; };
		E4D981B8248D8D0800F23C3A /* StartScanView.swift in Sources */ = {isa = PBXBuildFile; fileRef = E4D981B7248D8D0800F23C3A /* StartScanView.swift */; };
		E4D981BA248D931100F23C3A /* ScanRecorderHostView.swift in Sources */ = {isa = PBXBuildFile; fileRef = E4D981B9248D931100F23C3A /* ScanRecorderHostView.swift */; };
		E4D981BD248D93AA00F23C3A /* ScanRecorderViewController.swift in Sources */ = {isa = PBXBuildFile; fileRef = E4D981BC248D93AA00F23C3A /* ScanRecorderViewController.swift */; };
/* End PBXBuildFile section */

/* Begin PBXFileReference section */
		E40CDA98248DE2D400D9B710 /* ScanRecorderView.swift */ = {isa = PBXFileReference; lastKnownFileType = sourcecode.swift; path = ScanRecorderView.swift; sourceTree = "<group>"; };
		E40CDA9A248EA19100D9B710 /* CoachingView.swift */ = {isa = PBXFileReference; lastKnownFileType = sourcecode.swift; path = CoachingView.swift; sourceTree = "<group>"; };
		E40CDA9C248EA19B00D9B710 /* CoachingViewController.swift */ = {isa = PBXFileReference; lastKnownFileType = sourcecode.swift; path = CoachingViewController.swift; sourceTree = "<group>"; };
		E40CDA9E248EAD3600D9B710 /* ObjectSelectorView.swift */ = {isa = PBXFileReference; lastKnownFileType = sourcecode.swift; path = ObjectSelectorView.swift; sourceTree = "<group>"; };
		E40CDAA0248EAD4200D9B710 /* ObjectSelectorViewController.swift */ = {isa = PBXFileReference; lastKnownFileType = sourcecode.swift; path = ObjectSelectorViewController.swift; sourceTree = "<group>"; };
		E40CDAA4248ED7C300D9B710 /* Object.swift */ = {isa = PBXFileReference; lastKnownFileType = sourcecode.swift; path = Object.swift; sourceTree = "<group>"; };
		E417194D248FF73000FEC62C /* MinimapViewController.swift */ = {isa = PBXFileReference; lastKnownFileType = sourcecode.swift; path = MinimapViewController.swift; sourceTree = "<group>"; };
		E417194F248FF73A00FEC62C /* MinimapView.swift */ = {isa = PBXFileReference; lastKnownFileType = sourcecode.swift; path = MinimapView.swift; sourceTree = "<group>"; };
		E4171951248FFDEC00FEC62C /* ScanRecorder.swift */ = {isa = PBXFileReference; lastKnownFileType = sourcecode.swift; path = ScanRecorder.swift; sourceTree = "<group>"; };
		E4171953248FFE9400FEC62C /* ARViewProvider.swift */ = {isa = PBXFileReference; lastKnownFileType = sourcecode.swift; path = ARViewProvider.swift; sourceTree = "<group>"; };
		E41719552490085300FEC62C /* ScanState.swift */ = {isa = PBXFileReference; lastKnownFileType = sourcecode.swift; path = ScanState.swift; sourceTree = "<group>"; };
		E417195724900A0D00FEC62C /* ScanRecorderDelegate.swift */ = {isa = PBXFileReference; lastKnownFileType = sourcecode.swift; path = ScanRecorderDelegate.swift; sourceTree = "<group>"; };
		E417195924900CE400FEC62C /* MinimapCameraIndicatorView.swift */ = {isa = PBXFileReference; lastKnownFileType = sourcecode.swift; path = MinimapCameraIndicatorView.swift; sourceTree = "<group>"; };
		E417195B24903ECD00FEC62C /* Plane.swift */ = {isa = PBXFileReference; lastKnownFileType = sourcecode.swift; path = Plane.swift; sourceTree = "<group>"; };
		E4171961249062AE00FEC62C /* WallEntity.swift */ = {isa = PBXFileReference; lastKnownFileType = sourcecode.swift; path = WallEntity.swift; sourceTree = "<group>"; };
		E46252DF2489B7B70078DDD7 /* SettingsView.swift */ = {isa = PBXFileReference; lastKnownFileType = sourcecode.swift; path = SettingsView.swift; sourceTree = "<group>"; };
		E46D26C0248980CD008B5C9A /* mapper.app */ = {isa = PBXFileReference; explicitFileType = wrapper.application; includeInIndex = 0; path = mapper.app; sourceTree = BUILT_PRODUCTS_DIR; };
		E46D26C3248980CD008B5C9A /* AppDelegate.swift */ = {isa = PBXFileReference; lastKnownFileType = sourcecode.swift; path = AppDelegate.swift; sourceTree = "<group>"; };
		E46D26C5248980CD008B5C9A /* SceneDelegate.swift */ = {isa = PBXFileReference; lastKnownFileType = sourcecode.swift; path = SceneDelegate.swift; sourceTree = "<group>"; };
		E46D26C9248980CF008B5C9A /* Assets.xcassets */ = {isa = PBXFileReference; lastKnownFileType = folder.assetcatalog; path = Assets.xcassets; sourceTree = "<group>"; };
		E46D26CC248980CF008B5C9A /* Preview Assets.xcassets */ = {isa = PBXFileReference; lastKnownFileType = folder.assetcatalog; path = "Preview Assets.xcassets"; sourceTree = "<group>"; };
		E46D26CF248980CF008B5C9A /* Base */ = {isa = PBXFileReference; lastKnownFileType = file.storyboard; name = Base; path = Base.lproj/LaunchScreen.storyboard; sourceTree = "<group>"; };
		E46D26D1248980CF008B5C9A /* Info.plist */ = {isa = PBXFileReference; lastKnownFileType = text.plist.xml; path = Info.plist; sourceTree = "<group>"; };
		E46D26D8248980FD008B5C9A /* ScanListView.swift */ = {isa = PBXFileReference; lastKnownFileType = sourcecode.swift; path = ScanListView.swift; sourceTree = "<group>"; };
		E46D26DA24898135008B5C9A /* ContentView.swift */ = {isa = PBXFileReference; lastKnownFileType = sourcecode.swift; path = ContentView.swift; sourceTree = "<group>"; };
		E46D26DC2489818D008B5C9A /* ScanListCellView.swift */ = {isa = PBXFileReference; lastKnownFileType = sourcecode.swift; path = ScanListCellView.swift; sourceTree = "<group>"; };
		E46D26E5248984E6008B5C9A /* MapperModels.xcdatamodel */ = {isa = PBXFileReference; lastKnownFileType = wrapper.xcdatamodel; path = MapperModels.xcdatamodel; sourceTree = "<group>"; };
		E46D26E724898C09008B5C9A /* CreateScanView.swift */ = {isa = PBXFileReference; lastKnownFileType = sourcecode.swift; path = CreateScanView.swift; sourceTree = "<group>"; };
		E46D26E92489986C008B5C9A /* ScanView.swift */ = {isa = PBXFileReference; lastKnownFileType = sourcecode.swift; path = ScanView.swift; sourceTree = "<group>"; };
		E4D981B5248D8CC600F23C3A /* ScanVisualizationView.swift */ = {isa = PBXFileReference; lastKnownFileType = sourcecode.swift; path = ScanVisualizationView.swift; sourceTree = "<group>"; };
		E4D981B7248D8D0800F23C3A /* StartScanView.swift */ = {isa = PBXFileReference; lastKnownFileType = sourcecode.swift; path = StartScanView.swift; sourceTree = "<group>"; };
		E4D981B9248D931100F23C3A /* ScanRecorderHostView.swift */ = {isa = PBXFileReference; lastKnownFileType = sourcecode.swift; path = ScanRecorderHostView.swift; sourceTree = "<group>"; };
		E4D981BC248D93AA00F23C3A /* ScanRecorderViewController.swift */ = {isa = PBXFileReference; lastKnownFileType = sourcecode.swift; path = ScanRecorderViewController.swift; sourceTree = "<group>"; };
/* End PBXFileReference section */

/* Begin PBXFrameworksBuildPhase section */
		E46D26BD248980CD008B5C9A /* Frameworks */ = {
			isa = PBXFrameworksBuildPhase;
			buildActionMask = 2147483647;
			files = (
			);
			runOnlyForDeploymentPostprocessing = 0;
		};
/* End PBXFrameworksBuildPhase section */

/* Begin PBXGroup section */
		E41719602490629800FEC62C /* RealityKit */ = {
			isa = PBXGroup;
			children = (
				E4171961249062AE00FEC62C /* WallEntity.swift */,
			);
			path = RealityKit;
			sourceTree = "<group>";
		};
		E46D26B7248980CC008B5C9A = {
			isa = PBXGroup;
			children = (
				E46D26E4248984E6008B5C9A /* MapperModels.xcdatamodeld */,
				E46D26C2248980CD008B5C9A /* mapper */,
				E46D26C1248980CD008B5C9A /* Products */,
			);
			sourceTree = "<group>";
		};
		E46D26C1248980CD008B5C9A /* Products */ = {
			isa = PBXGroup;
			children = (
				E46D26C0248980CD008B5C9A /* mapper.app */,
			);
			name = Products;
			sourceTree = "<group>";
		};
		E46D26C2248980CD008B5C9A /* mapper */ = {
			isa = PBXGroup;
			children = (
				E41719602490629800FEC62C /* RealityKit */,
				E46D26DE248981ED008B5C9A /* models */,
				E46D26D7248980EE008B5C9A /* views */,
				E46D26C3248980CD008B5C9A /* AppDelegate.swift */,
				E46D26C5248980CD008B5C9A /* SceneDelegate.swift */,
				E46D26C9248980CF008B5C9A /* Assets.xcassets */,
				E46D26CE248980CF008B5C9A /* LaunchScreen.storyboard */,
				E46D26D1248980CF008B5C9A /* Info.plist */,
				E46D26CB248980CF008B5C9A /* Preview Content */,
			);
			path = mapper;
			sourceTree = "<group>";
		};
		E46D26CB248980CF008B5C9A /* Preview Content */ = {
			isa = PBXGroup;
			children = (
				E46D26CC248980CF008B5C9A /* Preview Assets.xcassets */,
			);
			path = "Preview Content";
			sourceTree = "<group>";
		};
		E46D26D7248980EE008B5C9A /* views */ = {
			isa = PBXGroup;
			children = (
				E4D981BB248D939200F23C3A /* ScanRecorder */,
				E46D26DA24898135008B5C9A /* ContentView.swift */,
				E46D26D8248980FD008B5C9A /* ScanListView.swift */,
				E46D26DC2489818D008B5C9A /* ScanListCellView.swift */,
				E46D26E724898C09008B5C9A /* CreateScanView.swift */,
				E46D26E92489986C008B5C9A /* ScanView.swift */,
				E46252DF2489B7B70078DDD7 /* SettingsView.swift */,
				E4D981B5248D8CC600F23C3A /* ScanVisualizationView.swift */,
				E4D981B7248D8D0800F23C3A /* StartScanView.swift */,
			);
			path = views;
			sourceTree = "<group>";
		};
		E46D26DE248981ED008B5C9A /* models */ = {
			isa = PBXGroup;
			children = (
				E40CDAA4248ED7C300D9B710 /* Object.swift */,
				E4171951248FFDEC00FEC62C /* ScanRecorder.swift */,
				E4171953248FFE9400FEC62C /* ARViewProvider.swift */,
				E41719552490085300FEC62C /* ScanState.swift */,
				E417195724900A0D00FEC62C /* ScanRecorderDelegate.swift */,
				E417195B24903ECD00FEC62C /* Plane.swift */,
			);
			path = models;
			sourceTree = "<group>";
		};
		E4D981BB248D939200F23C3A /* ScanRecorder */ = {
			isa = PBXGroup;
			children = (
				E4D981B9248D931100F23C3A /* ScanRecorderHostView.swift */,
				E4D981BC248D93AA00F23C3A /* ScanRecorderViewController.swift */,
				E40CDA98248DE2D400D9B710 /* ScanRecorderView.swift */,
				E40CDA9A248EA19100D9B710 /* CoachingView.swift */,
				E40CDA9C248EA19B00D9B710 /* CoachingViewController.swift */,
				E40CDA9E248EAD3600D9B710 /* ObjectSelectorView.swift */,
				E40CDAA0248EAD4200D9B710 /* ObjectSelectorViewController.swift */,
				E417194D248FF73000FEC62C /* MinimapViewController.swift */,
				E417194F248FF73A00FEC62C /* MinimapView.swift */,
				E417195924900CE400FEC62C /* MinimapCameraIndicatorView.swift */,
			);
			path = ScanRecorder;
			sourceTree = "<group>";
		};
/* End PBXGroup section */

/* Begin PBXNativeTarget section */
		E46D26BF248980CD008B5C9A /* mapper */ = {
			isa = PBXNativeTarget;
			buildConfigurationList = E46D26D4248980CF008B5C9A /* Build configuration list for PBXNativeTarget "mapper" */;
			buildPhases = (
				E46D26BC248980CD008B5C9A /* Sources */,
				E46D26BD248980CD008B5C9A /* Frameworks */,
				E46D26BE248980CD008B5C9A /* Resources */,
			);
			buildRules = (
			);
			dependencies = (
			);
			name = mapper;
			productName = mapper;
			productReference = E46D26C0248980CD008B5C9A /* mapper.app */;
			productType = "com.apple.product-type.application";
		};
/* End PBXNativeTarget section */

/* Begin PBXProject section */
		E46D26B8248980CC008B5C9A /* Project object */ = {
			isa = PBXProject;
			attributes = {
				LastSwiftUpdateCheck = 1140;
				LastUpgradeCheck = 1140;
				ORGANIZATIONNAME = "Theo Chemel";
				TargetAttributes = {
					E46D26BF248980CD008B5C9A = {
						CreatedOnToolsVersion = 11.4.1;
					};
				};
			};
			buildConfigurationList = E46D26BB248980CC008B5C9A /* Build configuration list for PBXProject "mapper" */;
			compatibilityVersion = "Xcode 9.3";
			developmentRegion = en;
			hasScannedForEncodings = 0;
			knownRegions = (
				en,
				Base,
			);
			mainGroup = E46D26B7248980CC008B5C9A;
			productRefGroup = E46D26C1248980CD008B5C9A /* Products */;
			projectDirPath = "";
			projectRoot = "";
			targets = (
				E46D26BF248980CD008B5C9A /* mapper */,
			);
		};
/* End PBXProject section */

/* Begin PBXResourcesBuildPhase section */
		E46D26BE248980CD008B5C9A /* Resources */ = {
			isa = PBXResourcesBuildPhase;
			buildActionMask = 2147483647;
			files = (
				E46D26D0248980CF008B5C9A /* LaunchScreen.storyboard in Resources */,
				E46D26CD248980CF008B5C9A /* Preview Assets.xcassets in Resources */,
				E46D26CA248980CF008B5C9A /* Assets.xcassets in Resources */,
			);
			runOnlyForDeploymentPostprocessing = 0;
		};
/* End PBXResourcesBuildPhase section */

/* Begin PBXSourcesBuildPhase section */
		E46D26BC248980CD008B5C9A /* Sources */ = {
			isa = PBXSourcesBuildPhase;
			buildActionMask = 2147483647;
			files = (
				E40CDAA1248EAD4200D9B710 /* ObjectSelectorViewController.swift in Sources */,
				E417195C24903ECD00FEC62C /* Plane.swift in Sources */,
				E46D26C4248980CD008B5C9A /* AppDelegate.swift in Sources */,
				E41719562490085300FEC62C /* ScanState.swift in Sources */,
				E4D981BD248D93AA00F23C3A /* ScanRecorderViewController.swift in Sources */,
				E417194E248FF73000FEC62C /* MinimapViewController.swift in Sources */,
				E40CDAA5248ED7C300D9B710 /* Object.swift in Sources */,
				E40CDA9D248EA19B00D9B710 /* CoachingViewController.swift in Sources */,
				E4171952248FFDEC00FEC62C /* ScanRecorder.swift in Sources */,
				E46D26EA2489986C008B5C9A /* ScanView.swift in Sources */,
				E4171950248FF73A00FEC62C /* MinimapView.swift in Sources */,
				E40CDA9B248EA19100D9B710 /* CoachingView.swift in Sources */,
				E40CDA9F248EAD3600D9B710 /* ObjectSelectorView.swift in Sources */,
				E4D981B8248D8D0800F23C3A /* StartScanView.swift in Sources */,
				E4D981BA248D931100F23C3A /* ScanRecorderHostView.swift in Sources */,
				E46D26DD2489818D008B5C9A /* ScanListCellView.swift in Sources */,
				E4171954248FFE9400FEC62C /* ARViewProvider.swift in Sources */,
				E417195A24900CE400FEC62C /* MinimapCameraIndicatorView.swift in Sources */,
				E46252E02489B7B70078DDD7 /* SettingsView.swift in Sources */,
				E46D26C6248980CD008B5C9A /* SceneDelegate.swift in Sources */,
				E46D26DB24898135008B5C9A /* ContentView.swift in Sources */,
				E417195824900A0D00FEC62C /* ScanRecorderDelegate.swift in Sources */,
				E4D981B6248D8CC600F23C3A /* ScanVisualizationView.swift in Sources */,
				E46D26E6248984E6008B5C9A /* MapperModels.xcdatamodeld in Sources */,
				E4171962249062AE00FEC62C /* WallEntity.swift in Sources */,
				E40CDA99248DE2D400D9B710 /* ScanRecorderView.swift in Sources */,
				E46D26D9248980FD008B5C9A /* ScanListView.swift in Sources */,
				E46D26E824898C09008B5C9A /* CreateScanView.swift in Sources */,
			);
			runOnlyForDeploymentPostprocessing = 0;
		};
/* End PBXSourcesBuildPhase section */

/* Begin PBXVariantGroup section */
		E46D26CE248980CF008B5C9A /* LaunchScreen.storyboard */ = {
			isa = PBXVariantGroup;
			children = (
				E46D26CF248980CF008B5C9A /* Base */,
			);
			name = LaunchScreen.storyboard;
			sourceTree = "<group>";
		};
/* End PBXVariantGroup section */

/* Begin XCBuildConfiguration section */
		E46D26D2248980CF008B5C9A /* Debug */ = {
			isa = XCBuildConfiguration;
			buildSettings = {
				ALWAYS_SEARCH_USER_PATHS = NO;
				CLANG_ANALYZER_NONNULL = YES;
				CLANG_ANALYZER_NUMBER_OBJECT_CONVERSION = YES_AGGRESSIVE;
				CLANG_CXX_LANGUAGE_STANDARD = "gnu++14";
				CLANG_CXX_LIBRARY = "libc++";
				CLANG_ENABLE_MODULES = YES;
				CLANG_ENABLE_OBJC_ARC = YES;
				CLANG_ENABLE_OBJC_WEAK = YES;
				CLANG_WARN_BLOCK_CAPTURE_AUTORELEASING = YES;
				CLANG_WARN_BOOL_CONVERSION = YES;
				CLANG_WARN_COMMA = YES;
				CLANG_WARN_CONSTANT_CONVERSION = YES;
				CLANG_WARN_DEPRECATED_OBJC_IMPLEMENTATIONS = YES;
				CLANG_WARN_DIRECT_OBJC_ISA_USAGE = YES_ERROR;
				CLANG_WARN_DOCUMENTATION_COMMENTS = YES;
				CLANG_WARN_EMPTY_BODY = YES;
				CLANG_WARN_ENUM_CONVERSION = YES;
				CLANG_WARN_INFINITE_RECURSION = YES;
				CLANG_WARN_INT_CONVERSION = YES;
				CLANG_WARN_NON_LITERAL_NULL_CONVERSION = YES;
				CLANG_WARN_OBJC_IMPLICIT_RETAIN_SELF = YES;
				CLANG_WARN_OBJC_LITERAL_CONVERSION = YES;
				CLANG_WARN_OBJC_ROOT_CLASS = YES_ERROR;
				CLANG_WARN_RANGE_LOOP_ANALYSIS = YES;
				CLANG_WARN_STRICT_PROTOTYPES = YES;
				CLANG_WARN_SUSPICIOUS_MOVE = YES;
				CLANG_WARN_UNGUARDED_AVAILABILITY = YES_AGGRESSIVE;
				CLANG_WARN_UNREACHABLE_CODE = YES;
				CLANG_WARN__DUPLICATE_METHOD_MATCH = YES;
				COPY_PHASE_STRIP = NO;
				DEBUG_INFORMATION_FORMAT = dwarf;
				ENABLE_STRICT_OBJC_MSGSEND = YES;
				ENABLE_TESTABILITY = YES;
				GCC_C_LANGUAGE_STANDARD = gnu11;
				GCC_DYNAMIC_NO_PIC = NO;
				GCC_NO_COMMON_BLOCKS = YES;
				GCC_OPTIMIZATION_LEVEL = 0;
				GCC_PREPROCESSOR_DEFINITIONS = (
					"DEBUG=1",
					"$(inherited)",
				);
				GCC_WARN_64_TO_32_BIT_CONVERSION = YES;
				GCC_WARN_ABOUT_RETURN_TYPE = YES_ERROR;
				GCC_WARN_UNDECLARED_SELECTOR = YES;
				GCC_WARN_UNINITIALIZED_AUTOS = YES_AGGRESSIVE;
				GCC_WARN_UNUSED_FUNCTION = YES;
				GCC_WARN_UNUSED_VARIABLE = YES;
				IPHONEOS_DEPLOYMENT_TARGET = 13.4;
				MTL_ENABLE_DEBUG_INFO = INCLUDE_SOURCE;
				MTL_FAST_MATH = YES;
				ONLY_ACTIVE_ARCH = YES;
				SDKROOT = iphoneos;
				SWIFT_ACTIVE_COMPILATION_CONDITIONS = DEBUG;
				SWIFT_OPTIMIZATION_LEVEL = "-Onone";
			};
			name = Debug;
		};
		E46D26D3248980CF008B5C9A /* Release */ = {
			isa = XCBuildConfiguration;
			buildSettings = {
				ALWAYS_SEARCH_USER_PATHS = NO;
				CLANG_ANALYZER_NONNULL = YES;
				CLANG_ANALYZER_NUMBER_OBJECT_CONVERSION = YES_AGGRESSIVE;
				CLANG_CXX_LANGUAGE_STANDARD = "gnu++14";
				CLANG_CXX_LIBRARY = "libc++";
				CLANG_ENABLE_MODULES = YES;
				CLANG_ENABLE_OBJC_ARC = YES;
				CLANG_ENABLE_OBJC_WEAK = YES;
				CLANG_WARN_BLOCK_CAPTURE_AUTORELEASING = YES;
				CLANG_WARN_BOOL_CONVERSION = YES;
				CLANG_WARN_COMMA = YES;
				CLANG_WARN_CONSTANT_CONVERSION = YES;
				CLANG_WARN_DEPRECATED_OBJC_IMPLEMENTATIONS = YES;
				CLANG_WARN_DIRECT_OBJC_ISA_USAGE = YES_ERROR;
				CLANG_WARN_DOCUMENTATION_COMMENTS = YES;
				CLANG_WARN_EMPTY_BODY = YES;
				CLANG_WARN_ENUM_CONVERSION = YES;
				CLANG_WARN_INFINITE_RECURSION = YES;
				CLANG_WARN_INT_CONVERSION = YES;
				CLANG_WARN_NON_LITERAL_NULL_CONVERSION = YES;
				CLANG_WARN_OBJC_IMPLICIT_RETAIN_SELF = YES;
				CLANG_WARN_OBJC_LITERAL_CONVERSION = YES;
				CLANG_WARN_OBJC_ROOT_CLASS = YES_ERROR;
				CLANG_WARN_RANGE_LOOP_ANALYSIS = YES;
				CLANG_WARN_STRICT_PROTOTYPES = YES;
				CLANG_WARN_SUSPICIOUS_MOVE = YES;
				CLANG_WARN_UNGUARDED_AVAILABILITY = YES_AGGRESSIVE;
				CLANG_WARN_UNREACHABLE_CODE = YES;
				CLANG_WARN__DUPLICATE_METHOD_MATCH = YES;
				COPY_PHASE_STRIP = NO;
				DEBUG_INFORMATION_FORMAT = "dwarf-with-dsym";
				ENABLE_NS_ASSERTIONS = NO;
				ENABLE_STRICT_OBJC_MSGSEND = YES;
				GCC_C_LANGUAGE_STANDARD = gnu11;
				GCC_NO_COMMON_BLOCKS = YES;
				GCC_WARN_64_TO_32_BIT_CONVERSION = YES;
				GCC_WARN_ABOUT_RETURN_TYPE = YES_ERROR;
				GCC_WARN_UNDECLARED_SELECTOR = YES;
				GCC_WARN_UNINITIALIZED_AUTOS = YES_AGGRESSIVE;
				GCC_WARN_UNUSED_FUNCTION = YES;
				GCC_WARN_UNUSED_VARIABLE = YES;
				IPHONEOS_DEPLOYMENT_TARGET = 13.4;
				MTL_ENABLE_DEBUG_INFO = NO;
				MTL_FAST_MATH = YES;
				SDKROOT = iphoneos;
				SWIFT_COMPILATION_MODE = wholemodule;
				SWIFT_OPTIMIZATION_LEVEL = "-O";
				VALIDATE_PRODUCT = YES;
			};
			name = Release;
		};
		E46D26D5248980CF008B5C9A /* Debug */ = {
			isa = XCBuildConfiguration;
			buildSettings = {
				ASSETCATALOG_COMPILER_APPICON_NAME = AppIcon;
				CODE_SIGN_STYLE = Automatic;
				DEVELOPMENT_ASSET_PATHS = "\"mapper/Preview Content\"";
				DEVELOPMENT_TEAM = VH7MSB4ML9;
				ENABLE_PREVIEWS = YES;
				INFOPLIST_FILE = mapper/Info.plist;
				LD_RUNPATH_SEARCH_PATHS = (
					"$(inherited)",
					"@executable_path/Frameworks",
				);
				PRODUCT_BUNDLE_IDENTIFIER = com.theochemel.mapper;
				PRODUCT_NAME = "$(TARGET_NAME)";
				SWIFT_VERSION = 5.0;
				TARGETED_DEVICE_FAMILY = "1,2";
			};
			name = Debug;
		};
		E46D26D6248980CF008B5C9A /* Release */ = {
			isa = XCBuildConfiguration;
			buildSettings = {
				ASSETCATALOG_COMPILER_APPICON_NAME = AppIcon;
				CODE_SIGN_STYLE = Automatic;
				DEVELOPMENT_ASSET_PATHS = "\"mapper/Preview Content\"";
				DEVELOPMENT_TEAM = VH7MSB4ML9;
				ENABLE_PREVIEWS = YES;
				INFOPLIST_FILE = mapper/Info.plist;
				LD_RUNPATH_SEARCH_PATHS = (
					"$(inherited)",
					"@executable_path/Frameworks",
				);
				PRODUCT_BUNDLE_IDENTIFIER = com.theochemel.mapper;
				PRODUCT_NAME = "$(TARGET_NAME)";
				SWIFT_VERSION = 5.0;
				TARGETED_DEVICE_FAMILY = "1,2";
			};
			name = Release;
		};
/* End XCBuildConfiguration section */

/* Begin XCConfigurationList section */
		E46D26BB248980CC008B5C9A /* Build configuration list for PBXProject "mapper" */ = {
			isa = XCConfigurationList;
			buildConfigurations = (
				E46D26D2248980CF008B5C9A /* Debug */,
				E46D26D3248980CF008B5C9A /* Release */,
			);
			defaultConfigurationIsVisible = 0;
			defaultConfigurationName = Release;
		};
		E46D26D4248980CF008B5C9A /* Build configuration list for PBXNativeTarget "mapper" */ = {
			isa = XCConfigurationList;
			buildConfigurations = (
				E46D26D5248980CF008B5C9A /* Debug */,
				E46D26D6248980CF008B5C9A /* Release */,
			);
			defaultConfigurationIsVisible = 0;
			defaultConfigurationName = Release;
		};
/* End XCConfigurationList section */

/* Begin XCVersionGroup section */
		E46D26E4248984E6008B5C9A /* MapperModels.xcdatamodeld */ = {
			isa = XCVersionGroup;
			children = (
				E46D26E5248984E6008B5C9A /* MapperModels.xcdatamodel */,
			);
			currentVersion = E46D26E5248984E6008B5C9A /* MapperModels.xcdatamodel */;
			path = MapperModels.xcdatamodeld;
			sourceTree = "<group>";
			versionGroupType = wrapper.xcdatamodel;
		};
/* End XCVersionGroup section */
	};
	rootObject = E46D26B8248980CC008B5C9A /* Project object */;
}
