// !$*UTF8*$!
{
	archiveVersion = 1;
	classes = {
	};
	objectVersion = 50;
	objects = {

/* Begin PBXBuildFile section */
		E4036610249914CA007C0D99 /* UserDefaults.swift in Sources */ = {isa = PBXBuildFile; fileRef = E403660F249914CA007C0D99 /* UserDefaults.swift */; };
		E40CDA99248DE2D400D9B710 /* ScanRecorderView.swift in Sources */ = {isa = PBXBuildFile; fileRef = E40CDA98248DE2D400D9B710 /* ScanRecorderView.swift */; };
		E40CDA9B248EA19100D9B710 /* CoachingView.swift in Sources */ = {isa = PBXBuildFile; fileRef = E40CDA9A248EA19100D9B710 /* CoachingView.swift */; };
		E40CDA9D248EA19B00D9B710 /* CoachingViewController.swift in Sources */ = {isa = PBXBuildFile; fileRef = E40CDA9C248EA19B00D9B710 /* CoachingViewController.swift */; };
		E40CDA9F248EAD3600D9B710 /* ObjectSelectorView.swift in Sources */ = {isa = PBXBuildFile; fileRef = E40CDA9E248EAD3600D9B710 /* ObjectSelectorView.swift */; };
		E40CDAA1248EAD4200D9B710 /* ObjectSelectorViewController.swift in Sources */ = {isa = PBXBuildFile; fileRef = E40CDAA0248EAD4200D9B710 /* ObjectSelectorViewController.swift */; };
		E40CDAA5248ED7C300D9B710 /* Object.swift in Sources */ = {isa = PBXBuildFile; fileRef = E40CDAA4248ED7C300D9B710 /* Object.swift */; };
		E417194E248FF73000FEC62C /* MinimapViewController.swift in Sources */ = {isa = PBXBuildFile; fileRef = E417194D248FF73000FEC62C /* MinimapViewController.swift */; };
		E4171950248FF73A00FEC62C /* MinimapView.swift in Sources */ = {isa = PBXBuildFile; fileRef = E417194F248FF73A00FEC62C /* MinimapView.swift */; };
		E4171952248FFDEC00FEC62C /* ScanRecorder.swift in Sources */ = {isa = PBXBuildFile; fileRef = E4171951248FFDEC00FEC62C /* ScanRecorder.swift */; };
		E4171954248FFE9400FEC62C /* ARViewProvider.swift in Sources */ = {isa = PBXBuildFile; fileRef = E4171953248FFE9400FEC62C /* ARViewProvider.swift */; };
		E41719562490085300FEC62C /* ScanState.swift in Sources */ = {isa = PBXBuildFile; fileRef = E41719552490085300FEC62C /* ScanState.swift */; };
		E417195824900A0D00FEC62C /* ScanRecorderDelegate.swift in Sources */ = {isa = PBXBuildFile; fileRef = E417195724900A0D00FEC62C /* ScanRecorderDelegate.swift */; };
		E417195A24900CE400FEC62C /* MinimapCameraIndicatorView.swift in Sources */ = {isa = PBXBuildFile; fileRef = E417195924900CE400FEC62C /* MinimapCameraIndicatorView.swift */; };
		E417195C24903ECD00FEC62C /* Plane.swift in Sources */ = {isa = PBXBuildFile; fileRef = E417195B24903ECD00FEC62C /* Plane.swift */; };
		E419B7E8249BB025005DEF58 /* Reconstruction.swift in Sources */ = {isa = PBXBuildFile; fileRef = E419B7E7249BB025005DEF58 /* Reconstruction.swift */; };
		E419B7EB249BC3E1005DEF58 /* Wall.swift in Sources */ = {isa = PBXBuildFile; fileRef = E419B7EA249BC3E1005DEF58 /* Wall.swift */; };
		E419B7EE249BC4FD005DEF58 /* FloorplanVisualizationHostView.swift in Sources */ = {isa = PBXBuildFile; fileRef = E419B7ED249BC4FD005DEF58 /* FloorplanVisualizationHostView.swift */; };
		E419B7F0249BC50E005DEF58 /* FloorplanVisualizationViewController.swift in Sources */ = {isa = PBXBuildFile; fileRef = E419B7EF249BC50E005DEF58 /* FloorplanVisualizationViewController.swift */; };
		E419B7F2249BC51B005DEF58 /* FloorplanVisualizationView.swift in Sources */ = {isa = PBXBuildFile; fileRef = E419B7F1249BC51B005DEF58 /* FloorplanVisualizationView.swift */; };
		E419B7F5249BC52C005DEF58 /* Floorplan.swift in Sources */ = {isa = PBXBuildFile; fileRef = E419B7F4249BC52C005DEF58 /* Floorplan.swift */; };
		E419B7F7249BD1BB005DEF58 /* Point.swift in Sources */ = {isa = PBXBuildFile; fileRef = E419B7F6249BD1BB005DEF58 /* Point.swift */; };
		E420BAAE24A1220700C26ED0 /* FloorplanVisualizationScaleView.swift in Sources */ = {isa = PBXBuildFile; fileRef = E420BAAD24A1220700C26ED0 /* FloorplanVisualizationScaleView.swift */; };
		E420BAB024A1325D00C26ED0 /* FloorplanVisualizationBracketView.swift in Sources */ = {isa = PBXBuildFile; fileRef = E420BAAF24A1325D00C26ED0 /* FloorplanVisualizationBracketView.swift */; };
		E420BAB224A1547B00C26ED0 /* ReconstructionVisualizationViewController+UIDragInteractionDelegate.swift in Sources */ = {isa = PBXBuildFile; fileRef = E420BAB124A1547B00C26ED0 /* ReconstructionVisualizationViewController+UIDragInteractionDelegate.swift */; };
		E431D0E024A11FA200F654DC /* FloorplanVisualizationObjectView.swift in Sources */ = {isa = PBXBuildFile; fileRef = E431D0DF24A11FA200F654DC /* FloorplanVisualizationObjectView.swift */; };
		E43354F624A90A0F00F9E8C3 /* RawFloorplan.swift in Sources */ = {isa = PBXBuildFile; fileRef = E43354F524A90A0F00F9E8C3 /* RawFloorplan.swift */; };
		E43354FC24A90E1100F9E8C3 /* Scan+Codable.swift in Sources */ = {isa = PBXBuildFile; fileRef = E43354FB24A90E1100F9E8C3 /* Scan+Codable.swift */; };
		E433550924A9115700F9E8C3 /* PointCloud+Codable.swift in Sources */ = {isa = PBXBuildFile; fileRef = E433550824A9115700F9E8C3 /* PointCloud+Codable.swift */; };
		E433550B24A912F800F9E8C3 /* Floorplan+Codable.swift in Sources */ = {isa = PBXBuildFile; fileRef = E433550A24A912F800F9E8C3 /* Floorplan+Codable.swift */; };
		E433550F24A9159E00F9E8C3 /* Wall+Codable.swift in Sources */ = {isa = PBXBuildFile; fileRef = E433550E24A9159E00F9E8C3 /* Wall+Codable.swift */; };
		E433551324A9161C00F9E8C3 /* Point+Codable.swift in Sources */ = {isa = PBXBuildFile; fileRef = E433551224A9161C00F9E8C3 /* Point+Codable.swift */; };
		E433551724A917F600F9E8C3 /* Object+Codable.swift in Sources */ = {isa = PBXBuildFile; fileRef = E433551624A917F600F9E8C3 /* Object+Codable.swift */; };
		E433551B24A9194B00F9E8C3 /* Plane+Codable.swift in Sources */ = {isa = PBXBuildFile; fileRef = E433551A24A9194B00F9E8C3 /* Plane+Codable.swift */; };
		E433551D24A91C0400F9E8C3 /* RawFloorplan+Codable.swift in Sources */ = {isa = PBXBuildFile; fileRef = E433551C24A91C0400F9E8C3 /* RawFloorplan+Codable.swift */; };
		E433551F24A91CBB00F9E8C3 /* Reconstruction+Codable.swift in Sources */ = {isa = PBXBuildFile; fileRef = E433551E24A91CBB00F9E8C3 /* Reconstruction+Codable.swift */; };
		E43EB3BB24968ADB0081ADB2 /* ObjectPlacementManager.swift in Sources */ = {isa = PBXBuildFile; fileRef = E43EB3BA24968ADB0081ADB2 /* ObjectPlacementManager.swift */; };
		E43EB3BD24968E1E0081ADB2 /* CursorNode.swift in Sources */ = {isa = PBXBuildFile; fileRef = E43EB3BC24968E1E0081ADB2 /* CursorNode.swift */; };
		E43EB3BF2496B0050081ADB2 /* ObjectPlacementManagerDelegate.swift in Sources */ = {isa = PBXBuildFile; fileRef = E43EB3BE2496B0050081ADB2 /* ObjectPlacementManagerDelegate.swift */; };
		E43EB3C12496B1090081ADB2 /* ObjectNode.swift in Sources */ = {isa = PBXBuildFile; fileRef = E43EB3C02496B1090081ADB2 /* ObjectNode.swift */; };
		E46252E02489B7B70078DDD7 /* SettingsView.swift in Sources */ = {isa = PBXBuildFile; fileRef = E46252DF2489B7B70078DDD7 /* SettingsView.swift */; };
		E465C497249A98BE00AA7B6D /* ReconstructionVisualizationHostView.swift in Sources */ = {isa = PBXBuildFile; fileRef = E465C496249A98BE00AA7B6D /* ReconstructionVisualizationHostView.swift */; };
		E465C499249A98D300AA7B6D /* ReconstructionVisualizationViewController.swift in Sources */ = {isa = PBXBuildFile; fileRef = E465C498249A98D200AA7B6D /* ReconstructionVisualizationViewController.swift */; };
		E465C49B249A98DD00AA7B6D /* ReconstructionVisualizationView.swift in Sources */ = {isa = PBXBuildFile; fileRef = E465C49A249A98DD00AA7B6D /* ReconstructionVisualizationView.swift */; };
		E467D40C24918338005887AD /* MinimapWallsView.swift in Sources */ = {isa = PBXBuildFile; fileRef = E467D40B24918338005887AD /* MinimapWallsView.swift */; };
		E46B61E52491576C00C4E7A8 /* WallNode.swift in Sources */ = {isa = PBXBuildFile; fileRef = E46B61E42491576C00C4E7A8 /* WallNode.swift */; };
		E46CF9112497AB2700838A6C /* ScanRecorderViewControllerDelegate.swift in Sources */ = {isa = PBXBuildFile; fileRef = E46CF9102497AB2700838A6C /* ScanRecorderViewControllerDelegate.swift */; };
		E46D26C4248980CD008B5C9A /* AppDelegate.swift in Sources */ = {isa = PBXBuildFile; fileRef = E46D26C3248980CD008B5C9A /* AppDelegate.swift */; };
		E46D26C6248980CD008B5C9A /* SceneDelegate.swift in Sources */ = {isa = PBXBuildFile; fileRef = E46D26C5248980CD008B5C9A /* SceneDelegate.swift */; };
		E46D26CA248980CF008B5C9A /* Assets.xcassets in Resources */ = {isa = PBXBuildFile; fileRef = E46D26C9248980CF008B5C9A /* Assets.xcassets */; };
		E46D26CD248980CF008B5C9A /* Preview Assets.xcassets in Resources */ = {isa = PBXBuildFile; fileRef = E46D26CC248980CF008B5C9A /* Preview Assets.xcassets */; };
		E46D26D0248980CF008B5C9A /* LaunchScreen.storyboard in Resources */ = {isa = PBXBuildFile; fileRef = E46D26CE248980CF008B5C9A /* LaunchScreen.storyboard */; };
		E46D26D9248980FD008B5C9A /* ScanListView.swift in Sources */ = {isa = PBXBuildFile; fileRef = E46D26D8248980FD008B5C9A /* ScanListView.swift */; };
		E46D26DB24898135008B5C9A /* ContentView.swift in Sources */ = {isa = PBXBuildFile; fileRef = E46D26DA24898135008B5C9A /* ContentView.swift */; };
		E46D26DD2489818D008B5C9A /* ScanListCellView.swift in Sources */ = {isa = PBXBuildFile; fileRef = E46D26DC2489818D008B5C9A /* ScanListCellView.swift */; };
		E46D26E6248984E6008B5C9A /* MapperModels.xcdatamodeld in Sources */ = {isa = PBXBuildFile; fileRef = E46D26E4248984E6008B5C9A /* MapperModels.xcdatamodeld */; };
		E46D26E824898C09008B5C9A /* CreateScanView.swift in Sources */ = {isa = PBXBuildFile; fileRef = E46D26E724898C09008B5C9A /* CreateScanView.swift */; };
		E46D26EA2489986C008B5C9A /* ScanView.swift in Sources */ = {isa = PBXBuildFile; fileRef = E46D26E92489986C008B5C9A /* ScanView.swift */; };
		E4B51F8024A971EA008DC89E /* CodingUserInfoKey.swift in Sources */ = {isa = PBXBuildFile; fileRef = E4B51F7F24A971EA008DC89E /* CodingUserInfoKey.swift */; };
		E4D981B6248D8CC600F23C3A /* ScanVisualizationView.swift in Sources */ = {isa = PBXBuildFile; fileRef = E4D981B5248D8CC600F23C3A /* ScanVisualizationView.swift */; };
		E4D981B8248D8D0800F23C3A /* StartScanView.swift in Sources */ = {isa = PBXBuildFile; fileRef = E4D981B7248D8D0800F23C3A /* StartScanView.swift */; };
		E4D981BA248D931100F23C3A /* ScanRecorderHostView.swift in Sources */ = {isa = PBXBuildFile; fileRef = E4D981B9248D931100F23C3A /* ScanRecorderHostView.swift */; };
		E4D981BD248D93AA00F23C3A /* ScanRecorderViewController.swift in Sources */ = {isa = PBXBuildFile; fileRef = E4D981BC248D93AA00F23C3A /* ScanRecorderViewController.swift */; };
		E4DE6B0F249554CF00A491A6 /* ScanRecorder+ARSessionDelegate.swift in Sources */ = {isa = PBXBuildFile; fileRef = E4DE6B0E249554CF00A491A6 /* ScanRecorder+ARSessionDelegate.swift */; };
		E4DE6B11249554EB00A491A6 /* ScanRecorder+ARSCNViewDelegate.swift in Sources */ = {isa = PBXBuildFile; fileRef = E4DE6B10249554EB00A491A6 /* ScanRecorder+ARSCNViewDelegate.swift */; };
		E4DE6B132495552300A491A6 /* OcclusionNode.swift in Sources */ = {isa = PBXBuildFile; fileRef = E4DE6B122495552300A491A6 /* OcclusionNode.swift */; };
		E4DE6B15249557F800A491A6 /* ScanRecorder+ObjectPlacementManagerDelegate.swift in Sources */ = {isa = PBXBuildFile; fileRef = E4DE6B14249557F800A491A6 /* ScanRecorder+ObjectPlacementManagerDelegate.swift */; };
		E4DE6B172495593E00A491A6 /* Object+PlacementCategory.swift in Sources */ = {isa = PBXBuildFile; fileRef = E4DE6B162495593E00A491A6 /* Object+PlacementCategory.swift */; };
		E4DE6B1924955D5C00A491A6 /* ObjectSelectorCategoryButton.swift in Sources */ = {isa = PBXBuildFile; fileRef = E4DE6B1824955D5C00A491A6 /* ObjectSelectorCategoryButton.swift */; };
		E4DF046224A631DA00AF7218 /* PointCloud.swift in Sources */ = {isa = PBXBuildFile; fileRef = E4DF046124A631DA00AF7218 /* PointCloud.swift */; };
		E4DFB25B24A8E48600828366 /* PointCloudManager.swift in Sources */ = {isa = PBXBuildFile; fileRef = E4DFB25A24A8E48600828366 /* PointCloudManager.swift */; };
		E4DFB26524A8E54600828366 /* PointCloud.metal in Sources */ = {isa = PBXBuildFile; fileRef = E4DFB26224A8E54600828366 /* PointCloud.metal */; };
		E4DFB26624A8E54600828366 /* MetalBuffer.swift in Sources */ = {isa = PBXBuildFile; fileRef = E4DFB26424A8E54600828366 /* MetalBuffer.swift */; };
		E4DFB26C24A8E5F100828366 /* PointCloudVisualizationView.swift in Sources */ = {isa = PBXBuildFile; fileRef = E4DFB26824A8E5F100828366 /* PointCloudVisualizationView.swift */; };
		E4DFB26D24A8E5F100828366 /* PointCloudVisualizationViewController+UIDragInteractionDelegate.swift in Sources */ = {isa = PBXBuildFile; fileRef = E4DFB26924A8E5F100828366 /* PointCloudVisualizationViewController+UIDragInteractionDelegate.swift */; };
		E4DFB26E24A8E5F100828366 /* PointCloudVisualizationViewController.swift in Sources */ = {isa = PBXBuildFile; fileRef = E4DFB26A24A8E5F100828366 /* PointCloudVisualizationViewController.swift */; };
		E4DFB26F24A8E5F100828366 /* PointCloudVisualizationHostView.swift in Sources */ = {isa = PBXBuildFile; fileRef = E4DFB26B24A8E5F100828366 /* PointCloudVisualizationHostView.swift */; };
		E4E7C5F7249C203B005CA33C /* ObjectPlacementManager+BoundAxis.swift in Sources */ = {isa = PBXBuildFile; fileRef = E4E7C5F6249C203B005CA33C /* ObjectPlacementManager+BoundAxis.swift */; };
		E4E7C5F9249C2048005CA33C /* WallBox2DPlacementManager.swift in Sources */ = {isa = PBXBuildFile; fileRef = E4E7C5F8249C2048005CA33C /* WallBox2DPlacementManager.swift */; };
		E4E7C5FB249C2053005CA33C /* FloorBox2DPlacementManager.swift in Sources */ = {isa = PBXBuildFile; fileRef = E4E7C5FA249C2053005CA33C /* FloorBox2DPlacementManager.swift */; };
		E4E9F64224952DFC0022BAD3 /* Plane+Classification.swift in Sources */ = {isa = PBXBuildFile; fileRef = E4E9F64124952DFC0022BAD3 /* Plane+Classification.swift */; };
		E4E9F64424952E060022BAD3 /* Plane+Alignment.swift in Sources */ = {isa = PBXBuildFile; fileRef = E4E9F64324952E060022BAD3 /* Plane+Alignment.swift */; };
		E4E9F64624952E0E0022BAD3 /* Plane+Geometry.swift in Sources */ = {isa = PBXBuildFile; fileRef = E4E9F64524952E0E0022BAD3 /* Plane+Geometry.swift */; };
		E4E9F64C2495307D0022BAD3 /* Object+Category.swift in Sources */ = {isa = PBXBuildFile; fileRef = E4E9F64B2495307D0022BAD3 /* Object+Category.swift */; };
		E4E9F65224953E060022BAD3 /* Scan.swift in Sources */ = {isa = PBXBuildFile; fileRef = E4E9F65124953E060022BAD3 /* Scan.swift */; };
/* End PBXBuildFile section */

/* Begin PBXFileReference section */
		E403660F249914CA007C0D99 /* UserDefaults.swift */ = {isa = PBXFileReference; lastKnownFileType = sourcecode.swift; path = UserDefaults.swift; sourceTree = "<group>"; };
		E40CDA98248DE2D400D9B710 /* ScanRecorderView.swift */ = {isa = PBXFileReference; lastKnownFileType = sourcecode.swift; path = ScanRecorderView.swift; sourceTree = "<group>"; };
		E40CDA9A248EA19100D9B710 /* CoachingView.swift */ = {isa = PBXFileReference; lastKnownFileType = sourcecode.swift; path = CoachingView.swift; sourceTree = "<group>"; };
		E40CDA9C248EA19B00D9B710 /* CoachingViewController.swift */ = {isa = PBXFileReference; lastKnownFileType = sourcecode.swift; path = CoachingViewController.swift; sourceTree = "<group>"; };
		E40CDA9E248EAD3600D9B710 /* ObjectSelectorView.swift */ = {isa = PBXFileReference; lastKnownFileType = sourcecode.swift; path = ObjectSelectorView.swift; sourceTree = "<group>"; };
		E40CDAA0248EAD4200D9B710 /* ObjectSelectorViewController.swift */ = {isa = PBXFileReference; lastKnownFileType = sourcecode.swift; path = ObjectSelectorViewController.swift; sourceTree = "<group>"; };
		E40CDAA4248ED7C300D9B710 /* Object.swift */ = {isa = PBXFileReference; lastKnownFileType = sourcecode.swift; path = Object.swift; sourceTree = "<group>"; };
		E417194D248FF73000FEC62C /* MinimapViewController.swift */ = {isa = PBXFileReference; lastKnownFileType = sourcecode.swift; path = MinimapViewController.swift; sourceTree = "<group>"; };
		E417194F248FF73A00FEC62C /* MinimapView.swift */ = {isa = PBXFileReference; lastKnownFileType = sourcecode.swift; path = MinimapView.swift; sourceTree = "<group>"; };
		E4171951248FFDEC00FEC62C /* ScanRecorder.swift */ = {isa = PBXFileReference; lastKnownFileType = sourcecode.swift; path = ScanRecorder.swift; sourceTree = "<group>"; };
		E4171953248FFE9400FEC62C /* ARViewProvider.swift */ = {isa = PBXFileReference; lastKnownFileType = sourcecode.swift; path = ARViewProvider.swift; sourceTree = "<group>"; };
		E41719552490085300FEC62C /* ScanState.swift */ = {isa = PBXFileReference; lastKnownFileType = sourcecode.swift; path = ScanState.swift; sourceTree = "<group>"; };
		E417195724900A0D00FEC62C /* ScanRecorderDelegate.swift */ = {isa = PBXFileReference; lastKnownFileType = sourcecode.swift; path = ScanRecorderDelegate.swift; sourceTree = "<group>"; };
		E417195924900CE400FEC62C /* MinimapCameraIndicatorView.swift */ = {isa = PBXFileReference; lastKnownFileType = sourcecode.swift; path = MinimapCameraIndicatorView.swift; sourceTree = "<group>"; };
		E417195B24903ECD00FEC62C /* Plane.swift */ = {isa = PBXFileReference; lastKnownFileType = sourcecode.swift; path = Plane.swift; sourceTree = "<group>"; };
		E419B7E7249BB025005DEF58 /* Reconstruction.swift */ = {isa = PBXFileReference; lastKnownFileType = sourcecode.swift; path = Reconstruction.swift; sourceTree = "<group>"; };
		E419B7EA249BC3E1005DEF58 /* Wall.swift */ = {isa = PBXFileReference; lastKnownFileType = sourcecode.swift; path = Wall.swift; sourceTree = "<group>"; };
		E419B7ED249BC4FD005DEF58 /* FloorplanVisualizationHostView.swift */ = {isa = PBXFileReference; lastKnownFileType = sourcecode.swift; path = FloorplanVisualizationHostView.swift; sourceTree = "<group>"; };
		E419B7EF249BC50E005DEF58 /* FloorplanVisualizationViewController.swift */ = {isa = PBXFileReference; lastKnownFileType = sourcecode.swift; path = FloorplanVisualizationViewController.swift; sourceTree = "<group>"; };
		E419B7F1249BC51B005DEF58 /* FloorplanVisualizationView.swift */ = {isa = PBXFileReference; lastKnownFileType = sourcecode.swift; path = FloorplanVisualizationView.swift; sourceTree = "<group>"; };
		E419B7F4249BC52C005DEF58 /* Floorplan.swift */ = {isa = PBXFileReference; lastKnownFileType = sourcecode.swift; path = Floorplan.swift; sourceTree = "<group>"; };
		E419B7F6249BD1BB005DEF58 /* Point.swift */ = {isa = PBXFileReference; lastKnownFileType = sourcecode.swift; path = Point.swift; sourceTree = "<group>"; };
		E420BAAD24A1220700C26ED0 /* FloorplanVisualizationScaleView.swift */ = {isa = PBXFileReference; lastKnownFileType = sourcecode.swift; path = FloorplanVisualizationScaleView.swift; sourceTree = "<group>"; };
		E420BAAF24A1325D00C26ED0 /* FloorplanVisualizationBracketView.swift */ = {isa = PBXFileReference; lastKnownFileType = sourcecode.swift; path = FloorplanVisualizationBracketView.swift; sourceTree = "<group>"; };
		E420BAB124A1547B00C26ED0 /* ReconstructionVisualizationViewController+UIDragInteractionDelegate.swift */ = {isa = PBXFileReference; lastKnownFileType = sourcecode.swift; path = "ReconstructionVisualizationViewController+UIDragInteractionDelegate.swift"; sourceTree = "<group>"; };
		E431D0DF24A11FA200F654DC /* FloorplanVisualizationObjectView.swift */ = {isa = PBXFileReference; lastKnownFileType = sourcecode.swift; path = FloorplanVisualizationObjectView.swift; sourceTree = "<group>"; };
		E43354F524A90A0F00F9E8C3 /* RawFloorplan.swift */ = {isa = PBXFileReference; lastKnownFileType = sourcecode.swift; path = RawFloorplan.swift; sourceTree = "<group>"; };
		E43354FB24A90E1100F9E8C3 /* Scan+Codable.swift */ = {isa = PBXFileReference; lastKnownFileType = sourcecode.swift; path = "Scan+Codable.swift"; sourceTree = "<group>"; };
		E433550824A9115700F9E8C3 /* PointCloud+Codable.swift */ = {isa = PBXFileReference; lastKnownFileType = sourcecode.swift; path = "PointCloud+Codable.swift"; sourceTree = "<group>"; };
		E433550A24A912F800F9E8C3 /* Floorplan+Codable.swift */ = {isa = PBXFileReference; lastKnownFileType = sourcecode.swift; path = "Floorplan+Codable.swift"; sourceTree = "<group>"; };
		E433550E24A9159E00F9E8C3 /* Wall+Codable.swift */ = {isa = PBXFileReference; lastKnownFileType = sourcecode.swift; path = "Wall+Codable.swift"; sourceTree = "<group>"; };
		E433551224A9161C00F9E8C3 /* Point+Codable.swift */ = {isa = PBXFileReference; lastKnownFileType = sourcecode.swift; path = "Point+Codable.swift"; sourceTree = "<group>"; };
		E433551624A917F600F9E8C3 /* Object+Codable.swift */ = {isa = PBXFileReference; lastKnownFileType = sourcecode.swift; path = "Object+Codable.swift"; sourceTree = "<group>"; };
		E433551A24A9194B00F9E8C3 /* Plane+Codable.swift */ = {isa = PBXFileReference; lastKnownFileType = sourcecode.swift; path = "Plane+Codable.swift"; sourceTree = "<group>"; };
		E433551C24A91C0400F9E8C3 /* RawFloorplan+Codable.swift */ = {isa = PBXFileReference; lastKnownFileType = sourcecode.swift; path = "RawFloorplan+Codable.swift"; sourceTree = "<group>"; };
		E433551E24A91CBB00F9E8C3 /* Reconstruction+Codable.swift */ = {isa = PBXFileReference; lastKnownFileType = sourcecode.swift; path = "Reconstruction+Codable.swift"; sourceTree = "<group>"; };
		E43EB3BA24968ADB0081ADB2 /* ObjectPlacementManager.swift */ = {isa = PBXFileReference; lastKnownFileType = sourcecode.swift; path = ObjectPlacementManager.swift; sourceTree = "<group>"; };
		E43EB3BC24968E1E0081ADB2 /* CursorNode.swift */ = {isa = PBXFileReference; lastKnownFileType = sourcecode.swift; path = CursorNode.swift; sourceTree = "<group>"; };
		E43EB3BE2496B0050081ADB2 /* ObjectPlacementManagerDelegate.swift */ = {isa = PBXFileReference; lastKnownFileType = sourcecode.swift; path = ObjectPlacementManagerDelegate.swift; sourceTree = "<group>"; };
		E43EB3C02496B1090081ADB2 /* ObjectNode.swift */ = {isa = PBXFileReference; lastKnownFileType = sourcecode.swift; path = ObjectNode.swift; sourceTree = "<group>"; };
		E46252DF2489B7B70078DDD7 /* SettingsView.swift */ = {isa = PBXFileReference; lastKnownFileType = sourcecode.swift; path = SettingsView.swift; sourceTree = "<group>"; };
		E465C496249A98BE00AA7B6D /* ReconstructionVisualizationHostView.swift */ = {isa = PBXFileReference; lastKnownFileType = sourcecode.swift; path = ReconstructionVisualizationHostView.swift; sourceTree = "<group>"; };
		E465C498249A98D200AA7B6D /* ReconstructionVisualizationViewController.swift */ = {isa = PBXFileReference; lastKnownFileType = sourcecode.swift; path = ReconstructionVisualizationViewController.swift; sourceTree = "<group>"; };
		E465C49A249A98DD00AA7B6D /* ReconstructionVisualizationView.swift */ = {isa = PBXFileReference; lastKnownFileType = sourcecode.swift; path = ReconstructionVisualizationView.swift; sourceTree = "<group>"; };
		E467D40B24918338005887AD /* MinimapWallsView.swift */ = {isa = PBXFileReference; lastKnownFileType = sourcecode.swift; path = MinimapWallsView.swift; sourceTree = "<group>"; };
		E46B61E42491576C00C4E7A8 /* WallNode.swift */ = {isa = PBXFileReference; lastKnownFileType = sourcecode.swift; path = WallNode.swift; sourceTree = "<group>"; };
		E46CF9102497AB2700838A6C /* ScanRecorderViewControllerDelegate.swift */ = {isa = PBXFileReference; lastKnownFileType = sourcecode.swift; path = ScanRecorderViewControllerDelegate.swift; sourceTree = "<group>"; };
		E46D26C0248980CD008B5C9A /* mapper.app */ = {isa = PBXFileReference; explicitFileType = wrapper.application; includeInIndex = 0; path = mapper.app; sourceTree = BUILT_PRODUCTS_DIR; };
		E46D26C3248980CD008B5C9A /* AppDelegate.swift */ = {isa = PBXFileReference; lastKnownFileType = sourcecode.swift; path = AppDelegate.swift; sourceTree = "<group>"; };
		E46D26C5248980CD008B5C9A /* SceneDelegate.swift */ = {isa = PBXFileReference; lastKnownFileType = sourcecode.swift; path = SceneDelegate.swift; sourceTree = "<group>"; };
		E46D26C9248980CF008B5C9A /* Assets.xcassets */ = {isa = PBXFileReference; lastKnownFileType = folder.assetcatalog; path = Assets.xcassets; sourceTree = "<group>"; };
		E46D26CC248980CF008B5C9A /* Preview Assets.xcassets */ = {isa = PBXFileReference; lastKnownFileType = folder.assetcatalog; path = "Preview Assets.xcassets"; sourceTree = "<group>"; };
		E46D26CF248980CF008B5C9A /* Base */ = {isa = PBXFileReference; lastKnownFileType = file.storyboard; name = Base; path = Base.lproj/LaunchScreen.storyboard; sourceTree = "<group>"; };
		E46D26D1248980CF008B5C9A /* Info.plist */ = {isa = PBXFileReference; lastKnownFileType = text.plist.xml; path = Info.plist; sourceTree = "<group>"; };
		E46D26D8248980FD008B5C9A /* ScanListView.swift */ = {isa = PBXFileReference; lastKnownFileType = sourcecode.swift; path = ScanListView.swift; sourceTree = "<group>"; };
		E46D26DA24898135008B5C9A /* ContentView.swift */ = {isa = PBXFileReference; lastKnownFileType = sourcecode.swift; path = ContentView.swift; sourceTree = "<group>"; };
		E46D26DC2489818D008B5C9A /* ScanListCellView.swift */ = {isa = PBXFileReference; lastKnownFileType = sourcecode.swift; path = ScanListCellView.swift; sourceTree = "<group>"; };
		E46D26E5248984E6008B5C9A /* MapperModels.xcdatamodel */ = {isa = PBXFileReference; lastKnownFileType = wrapper.xcdatamodel; path = MapperModels.xcdatamodel; sourceTree = "<group>"; };
		E46D26E724898C09008B5C9A /* CreateScanView.swift */ = {isa = PBXFileReference; lastKnownFileType = sourcecode.swift; path = CreateScanView.swift; sourceTree = "<group>"; };
		E46D26E92489986C008B5C9A /* ScanView.swift */ = {isa = PBXFileReference; lastKnownFileType = sourcecode.swift; path = ScanView.swift; sourceTree = "<group>"; };
		E4B51F7F24A971EA008DC89E /* CodingUserInfoKey.swift */ = {isa = PBXFileReference; lastKnownFileType = sourcecode.swift; path = CodingUserInfoKey.swift; sourceTree = "<group>"; };
		E4D981B5248D8CC600F23C3A /* ScanVisualizationView.swift */ = {isa = PBXFileReference; lastKnownFileType = sourcecode.swift; path = ScanVisualizationView.swift; sourceTree = "<group>"; };
		E4D981B7248D8D0800F23C3A /* StartScanView.swift */ = {isa = PBXFileReference; lastKnownFileType = sourcecode.swift; path = StartScanView.swift; sourceTree = "<group>"; };
		E4D981B9248D931100F23C3A /* ScanRecorderHostView.swift */ = {isa = PBXFileReference; lastKnownFileType = sourcecode.swift; path = ScanRecorderHostView.swift; sourceTree = "<group>"; };
		E4D981BC248D93AA00F23C3A /* ScanRecorderViewController.swift */ = {isa = PBXFileReference; lastKnownFileType = sourcecode.swift; path = ScanRecorderViewController.swift; sourceTree = "<group>"; };
		E4DE6B0E249554CF00A491A6 /* ScanRecorder+ARSessionDelegate.swift */ = {isa = PBXFileReference; lastKnownFileType = sourcecode.swift; path = "ScanRecorder+ARSessionDelegate.swift"; sourceTree = "<group>"; };
		E4DE6B10249554EB00A491A6 /* ScanRecorder+ARSCNViewDelegate.swift */ = {isa = PBXFileReference; lastKnownFileType = sourcecode.swift; path = "ScanRecorder+ARSCNViewDelegate.swift"; sourceTree = "<group>"; };
		E4DE6B122495552300A491A6 /* OcclusionNode.swift */ = {isa = PBXFileReference; lastKnownFileType = sourcecode.swift; path = OcclusionNode.swift; sourceTree = "<group>"; };
		E4DE6B14249557F800A491A6 /* ScanRecorder+ObjectPlacementManagerDelegate.swift */ = {isa = PBXFileReference; lastKnownFileType = sourcecode.swift; path = "ScanRecorder+ObjectPlacementManagerDelegate.swift"; sourceTree = "<group>"; };
		E4DE6B162495593E00A491A6 /* Object+PlacementCategory.swift */ = {isa = PBXFileReference; lastKnownFileType = sourcecode.swift; path = "Object+PlacementCategory.swift"; sourceTree = "<group>"; };
		E4DE6B1824955D5C00A491A6 /* ObjectSelectorCategoryButton.swift */ = {isa = PBXFileReference; lastKnownFileType = sourcecode.swift; path = ObjectSelectorCategoryButton.swift; sourceTree = "<group>"; };
		E4DF046124A631DA00AF7218 /* PointCloud.swift */ = {isa = PBXFileReference; lastKnownFileType = sourcecode.swift; path = PointCloud.swift; sourceTree = "<group>"; };
		E4DFB25A24A8E48600828366 /* PointCloudManager.swift */ = {isa = PBXFileReference; fileEncoding = 4; lastKnownFileType = sourcecode.swift; path = PointCloudManager.swift; sourceTree = "<group>"; };
		E4DFB26124A8E54600828366 /* PointCloudTypes.h */ = {isa = PBXFileReference; fileEncoding = 4; lastKnownFileType = sourcecode.c.h; path = PointCloudTypes.h; sourceTree = "<group>"; };
		E4DFB26224A8E54600828366 /* PointCloud.metal */ = {isa = PBXFileReference; fileEncoding = 4; lastKnownFileType = sourcecode.metal; path = PointCloud.metal; sourceTree = "<group>"; };
		E4DFB26324A8E54600828366 /* mapper-Bridging-Header.h */ = {isa = PBXFileReference; fileEncoding = 4; lastKnownFileType = sourcecode.c.h; path = "mapper-Bridging-Header.h"; sourceTree = "<group>"; };
		E4DFB26424A8E54600828366 /* MetalBuffer.swift */ = {isa = PBXFileReference; fileEncoding = 4; lastKnownFileType = sourcecode.swift; path = MetalBuffer.swift; sourceTree = "<group>"; };
		E4DFB26824A8E5F100828366 /* PointCloudVisualizationView.swift */ = {isa = PBXFileReference; fileEncoding = 4; lastKnownFileType = sourcecode.swift; path = PointCloudVisualizationView.swift; sourceTree = "<group>"; };
		E4DFB26924A8E5F100828366 /* PointCloudVisualizationViewController+UIDragInteractionDelegate.swift */ = {isa = PBXFileReference; fileEncoding = 4; lastKnownFileType = sourcecode.swift; path = "PointCloudVisualizationViewController+UIDragInteractionDelegate.swift"; sourceTree = "<group>"; };
		E4DFB26A24A8E5F100828366 /* PointCloudVisualizationViewController.swift */ = {isa = PBXFileReference; fileEncoding = 4; lastKnownFileType = sourcecode.swift; path = PointCloudVisualizationViewController.swift; sourceTree = "<group>"; };
		E4DFB26B24A8E5F100828366 /* PointCloudVisualizationHostView.swift */ = {isa = PBXFileReference; fileEncoding = 4; lastKnownFileType = sourcecode.swift; path = PointCloudVisualizationHostView.swift; sourceTree = "<group>"; };
		E4E7C5F6249C203B005CA33C /* ObjectPlacementManager+BoundAxis.swift */ = {isa = PBXFileReference; lastKnownFileType = sourcecode.swift; path = "ObjectPlacementManager+BoundAxis.swift"; sourceTree = "<group>"; };
		E4E7C5F8249C2048005CA33C /* WallBox2DPlacementManager.swift */ = {isa = PBXFileReference; lastKnownFileType = sourcecode.swift; path = WallBox2DPlacementManager.swift; sourceTree = "<group>"; };
		E4E7C5FA249C2053005CA33C /* FloorBox2DPlacementManager.swift */ = {isa = PBXFileReference; lastKnownFileType = sourcecode.swift; path = FloorBox2DPlacementManager.swift; sourceTree = "<group>"; };
		E4E9F64124952DFC0022BAD3 /* Plane+Classification.swift */ = {isa = PBXFileReference; lastKnownFileType = sourcecode.swift; path = "Plane+Classification.swift"; sourceTree = "<group>"; };
		E4E9F64324952E060022BAD3 /* Plane+Alignment.swift */ = {isa = PBXFileReference; lastKnownFileType = sourcecode.swift; path = "Plane+Alignment.swift"; sourceTree = "<group>"; };
		E4E9F64524952E0E0022BAD3 /* Plane+Geometry.swift */ = {isa = PBXFileReference; lastKnownFileType = sourcecode.swift; path = "Plane+Geometry.swift"; sourceTree = "<group>"; };
		E4E9F64B2495307D0022BAD3 /* Object+Category.swift */ = {isa = PBXFileReference; lastKnownFileType = sourcecode.swift; path = "Object+Category.swift"; sourceTree = "<group>"; };
		E4E9F65124953E060022BAD3 /* Scan.swift */ = {isa = PBXFileReference; lastKnownFileType = sourcecode.swift; path = Scan.swift; sourceTree = "<group>"; };
/* End PBXFileReference section */

/* Begin PBXFrameworksBuildPhase section */
		E46D26BD248980CD008B5C9A /* Frameworks */ = {
			isa = PBXFrameworksBuildPhase;
			buildActionMask = 2147483647;
			files = (
			);
			runOnlyForDeploymentPostprocessing = 0;
		};
/* End PBXFrameworksBuildPhase section */

/* Begin PBXGroup section */
		E419B7E6249BB018005DEF58 /* Reconstruction */ = {
			isa = PBXGroup;
			children = (
				E419B7E7249BB025005DEF58 /* Reconstruction.swift */,
				E433551E24A91CBB00F9E8C3 /* Reconstruction+Codable.swift */,
			);
			path = Reconstruction;
			sourceTree = "<group>";
		};
		E419B7E9249BC3D4005DEF58 /* Wall */ = {
			isa = PBXGroup;
			children = (
				E419B7EA249BC3E1005DEF58 /* Wall.swift */,
				E433550E24A9159E00F9E8C3 /* Wall+Codable.swift */,
			);
			path = Wall;
			sourceTree = "<group>";
		};
		E419B7EC249BC4E7005DEF58 /* FloorplanVisualization */ = {
			isa = PBXGroup;
			children = (
				E419B7ED249BC4FD005DEF58 /* FloorplanVisualizationHostView.swift */,
				E419B7EF249BC50E005DEF58 /* FloorplanVisualizationViewController.swift */,
				E419B7F1249BC51B005DEF58 /* FloorplanVisualizationView.swift */,
				E431D0DF24A11FA200F654DC /* FloorplanVisualizationObjectView.swift */,
				E420BAAD24A1220700C26ED0 /* FloorplanVisualizationScaleView.swift */,
				E420BAAF24A1325D00C26ED0 /* FloorplanVisualizationBracketView.swift */,
			);
			path = FloorplanVisualization;
			sourceTree = "<group>";
		};
		E419B7F3249BC522005DEF58 /* Floorplan */ = {
			isa = PBXGroup;
			children = (
				E419B7F4249BC52C005DEF58 /* Floorplan.swift */,
				E433550A24A912F800F9E8C3 /* Floorplan+Codable.swift */,
			);
			path = Floorplan;
			sourceTree = "<group>";
		};
		E419B7F8249BD1C0005DEF58 /* Point */ = {
			isa = PBXGroup;
			children = (
				E419B7F6249BD1BB005DEF58 /* Point.swift */,
				E433551224A9161C00F9E8C3 /* Point+Codable.swift */,
			);
			path = Point;
			sourceTree = "<group>";
		};
		E43354F424A90A0100F9E8C3 /* RawFloorplan */ = {
			isa = PBXGroup;
			children = (
				E43354F524A90A0F00F9E8C3 /* RawFloorplan.swift */,
				E433551C24A91C0400F9E8C3 /* RawFloorplan+Codable.swift */,
			);
			path = RawFloorplan;
			sourceTree = "<group>";
		};
		E433550724A9111700F9E8C3 /* PointCloudManager */ = {
			isa = PBXGroup;
			children = (
				E4DFB25A24A8E48600828366 /* PointCloudManager.swift */,
			);
			path = PointCloudManager;
			sourceTree = "<group>";
		};
		E43EB3B924968AC90081ADB2 /* ObjectPlacementManager */ = {
			isa = PBXGroup;
			children = (
				E43EB3BA24968ADB0081ADB2 /* ObjectPlacementManager.swift */,
				E4E7C5F6249C203B005CA33C /* ObjectPlacementManager+BoundAxis.swift */,
				E4E7C5F8249C2048005CA33C /* WallBox2DPlacementManager.swift */,
				E4E7C5FA249C2053005CA33C /* FloorBox2DPlacementManager.swift */,
				E43EB3BE2496B0050081ADB2 /* ObjectPlacementManagerDelegate.swift */,
			);
			path = ObjectPlacementManager;
			sourceTree = "<group>";
		};
		E465C495249A98A400AA7B6D /* 3DReconstructionVisualization */ = {
			isa = PBXGroup;
			children = (
				E465C496249A98BE00AA7B6D /* ReconstructionVisualizationHostView.swift */,
				E465C498249A98D200AA7B6D /* ReconstructionVisualizationViewController.swift */,
				E420BAB124A1547B00C26ED0 /* ReconstructionVisualizationViewController+UIDragInteractionDelegate.swift */,
				E465C49A249A98DD00AA7B6D /* ReconstructionVisualizationView.swift */,
			);
			path = 3DReconstructionVisualization;
			sourceTree = "<group>";
		};
		E46B61E12491518400C4E7A8 /* SceneKit */ = {
			isa = PBXGroup;
			children = (
				E46B61E42491576C00C4E7A8 /* WallNode.swift */,
				E4DE6B122495552300A491A6 /* OcclusionNode.swift */,
				E43EB3BC24968E1E0081ADB2 /* CursorNode.swift */,
				E43EB3C02496B1090081ADB2 /* ObjectNode.swift */,
			);
			path = SceneKit;
			sourceTree = "<group>";
		};
		E46CF9122497B23200838A6C /* ScanVisualization */ = {
			isa = PBXGroup;
			children = (
				E4D981B5248D8CC600F23C3A /* ScanVisualizationView.swift */,
				E419B7EC249BC4E7005DEF58 /* FloorplanVisualization */,
				E465C495249A98A400AA7B6D /* 3DReconstructionVisualization */,
				E4DFB26724A8E5F100828366 /* PointCloudVisualization */,
			);
			path = ScanVisualization;
			sourceTree = "<group>";
		};
		E46D26B7248980CC008B5C9A = {
			isa = PBXGroup;
			children = (
				E46D26E4248984E6008B5C9A /* MapperModels.xcdatamodeld */,
				E46D26C2248980CD008B5C9A /* mapper */,
				E46D26C1248980CD008B5C9A /* Products */,
			);
			sourceTree = "<group>";
		};
		E46D26C1248980CD008B5C9A /* Products */ = {
			isa = PBXGroup;
			children = (
				E46D26C0248980CD008B5C9A /* mapper.app */,
			);
			name = Products;
			sourceTree = "<group>";
		};
		E46D26C2248980CD008B5C9A /* mapper */ = {
			isa = PBXGroup;
			children = (
				E4DFB26024A8E54600828366 /* Metal */,
				E46B61E12491518400C4E7A8 /* SceneKit */,
				E46D26DE248981ED008B5C9A /* models */,
				E46D26D7248980EE008B5C9A /* views */,
				E46D26C3248980CD008B5C9A /* AppDelegate.swift */,
				E46D26C5248980CD008B5C9A /* SceneDelegate.swift */,
				E46D26C9248980CF008B5C9A /* Assets.xcassets */,
				E46D26CE248980CF008B5C9A /* LaunchScreen.storyboard */,
				E46D26D1248980CF008B5C9A /* Info.plist */,
				E46D26CB248980CF008B5C9A /* Preview Content */,
			);
			path = mapper;
			sourceTree = "<group>";
		};
		E46D26CB248980CF008B5C9A /* Preview Content */ = {
			isa = PBXGroup;
			children = (
				E46D26CC248980CF008B5C9A /* Preview Assets.xcassets */,
			);
			path = "Preview Content";
			sourceTree = "<group>";
		};
		E46D26D7248980EE008B5C9A /* views */ = {
			isa = PBXGroup;
			children = (
				E46CF9122497B23200838A6C /* ScanVisualization */,
				E4D981BB248D939200F23C3A /* ScanRecorder */,
				E46D26DA24898135008B5C9A /* ContentView.swift */,
				E46D26D8248980FD008B5C9A /* ScanListView.swift */,
				E46D26DC2489818D008B5C9A /* ScanListCellView.swift */,
				E46D26E724898C09008B5C9A /* CreateScanView.swift */,
				E46D26E92489986C008B5C9A /* ScanView.swift */,
				E46252DF2489B7B70078DDD7 /* SettingsView.swift */,
				E4D981B7248D8D0800F23C3A /* StartScanView.swift */,
			);
			path = views;
			sourceTree = "<group>";
		};
		E46D26DE248981ED008B5C9A /* models */ = {
			isa = PBXGroup;
			children = (
				E4E9F65024953DFB0022BAD3 /* Scan */,
				E43354F424A90A0100F9E8C3 /* RawFloorplan */,
				E419B7F3249BC522005DEF58 /* Floorplan */,
				E419B7E6249BB018005DEF58 /* Reconstruction */,
				E4DF046024A631C300AF7218 /* PointCloud */,
				E419B7E9249BC3D4005DEF58 /* Wall */,
				E419B7F8249BD1C0005DEF58 /* Point */,
				E43EB3B924968AC90081ADB2 /* ObjectPlacementManager */,
				E433550724A9111700F9E8C3 /* PointCloudManager */,
				E4DE6B0D249554B400A491A6 /* ScanRecorder */,
				E4E9F64A2495304A0022BAD3 /* Object */,
				E4E9F64024952DE20022BAD3 /* Plane */,
				E4171953248FFE9400FEC62C /* ARViewProvider.swift */,
				E41719552490085300FEC62C /* ScanState.swift */,
				E403660F249914CA007C0D99 /* UserDefaults.swift */,
				E4B51F7F24A971EA008DC89E /* CodingUserInfoKey.swift */,
			);
			path = models;
			sourceTree = "<group>";
		};
		E4D981BB248D939200F23C3A /* ScanRecorder */ = {
			isa = PBXGroup;
			children = (
				E4D981B9248D931100F23C3A /* ScanRecorderHostView.swift */,
				E4D981BC248D93AA00F23C3A /* ScanRecorderViewController.swift */,
				E40CDA98248DE2D400D9B710 /* ScanRecorderView.swift */,
				E46CF9102497AB2700838A6C /* ScanRecorderViewControllerDelegate.swift */,
				E4DE6B1E249599D100A491A6 /* Coaching */,
				E4DE6B1D249599CA00A491A6 /* ObjectSelector */,
				E4DE6B1C249599C100A491A6 /* Minimap */,
			);
			path = ScanRecorder;
			sourceTree = "<group>";
		};
		E4DE6B0D249554B400A491A6 /* ScanRecorder */ = {
			isa = PBXGroup;
			children = (
				E4171951248FFDEC00FEC62C /* ScanRecorder.swift */,
				E4DE6B0E249554CF00A491A6 /* ScanRecorder+ARSessionDelegate.swift */,
				E4DE6B10249554EB00A491A6 /* ScanRecorder+ARSCNViewDelegate.swift */,
				E417195724900A0D00FEC62C /* ScanRecorderDelegate.swift */,
				E4DE6B14249557F800A491A6 /* ScanRecorder+ObjectPlacementManagerDelegate.swift */,
			);
			path = ScanRecorder;
			sourceTree = "<group>";
		};
		E4DE6B1C249599C100A491A6 /* Minimap */ = {
			isa = PBXGroup;
			children = (
				E417194D248FF73000FEC62C /* MinimapViewController.swift */,
				E417194F248FF73A00FEC62C /* MinimapView.swift */,
				E417195924900CE400FEC62C /* MinimapCameraIndicatorView.swift */,
				E467D40B24918338005887AD /* MinimapWallsView.swift */,
			);
			path = Minimap;
			sourceTree = "<group>";
		};
		E4DE6B1D249599CA00A491A6 /* ObjectSelector */ = {
			isa = PBXGroup;
			children = (
				E40CDA9E248EAD3600D9B710 /* ObjectSelectorView.swift */,
				E40CDAA0248EAD4200D9B710 /* ObjectSelectorViewController.swift */,
				E4DE6B1824955D5C00A491A6 /* ObjectSelectorCategoryButton.swift */,
			);
			path = ObjectSelector;
			sourceTree = "<group>";
		};
		E4DE6B1E249599D100A491A6 /* Coaching */ = {
			isa = PBXGroup;
			children = (
				E40CDA9A248EA19100D9B710 /* CoachingView.swift */,
				E40CDA9C248EA19B00D9B710 /* CoachingViewController.swift */,
			);
			path = Coaching;
			sourceTree = "<group>";
		};
		E4DF046024A631C300AF7218 /* PointCloud */ = {
			isa = PBXGroup;
			children = (
				E4DF046124A631DA00AF7218 /* PointCloud.swift */,
				E433550824A9115700F9E8C3 /* PointCloud+Codable.swift */,
			);
			path = PointCloud;
			sourceTree = "<group>";
		};
		E4DFB26024A8E54600828366 /* Metal */ = {
			isa = PBXGroup;
			children = (
				E4DFB26124A8E54600828366 /* PointCloudTypes.h */,
				E4DFB26224A8E54600828366 /* PointCloud.metal */,
				E4DFB26324A8E54600828366 /* mapper-Bridging-Header.h */,
				E4DFB26424A8E54600828366 /* MetalBuffer.swift */,
			);
			path = Metal;
			sourceTree = "<group>";
		};
		E4DFB26724A8E5F100828366 /* PointCloudVisualization */ = {
			isa = PBXGroup;
			children = (
				E4DFB26824A8E5F100828366 /* PointCloudVisualizationView.swift */,
				E4DFB26924A8E5F100828366 /* PointCloudVisualizationViewController+UIDragInteractionDelegate.swift */,
				E4DFB26A24A8E5F100828366 /* PointCloudVisualizationViewController.swift */,
				E4DFB26B24A8E5F100828366 /* PointCloudVisualizationHostView.swift */,
			);
			path = PointCloudVisualization;
			sourceTree = "<group>";
		};
		E4E9F64024952DE20022BAD3 /* Plane */ = {
			isa = PBXGroup;
			children = (
				E417195B24903ECD00FEC62C /* Plane.swift */,
				E433551A24A9194B00F9E8C3 /* Plane+Codable.swift */,
				E4E9F64524952E0E0022BAD3 /* Plane+Geometry.swift */,
				E4E9F64124952DFC0022BAD3 /* Plane+Classification.swift */,
				E4E9F64324952E060022BAD3 /* Plane+Alignment.swift */,
			);
			path = Plane;
			sourceTree = "<group>";
		};
		E4E9F64A2495304A0022BAD3 /* Object */ = {
			isa = PBXGroup;
			children = (
				E40CDAA4248ED7C300D9B710 /* Object.swift */,
				E433551624A917F600F9E8C3 /* Object+Codable.swift */,
				E4E9F64B2495307D0022BAD3 /* Object+Category.swift */,
				E4DE6B162495593E00A491A6 /* Object+PlacementCategory.swift */,
			);
			path = Object;
			sourceTree = "<group>";
		};
		E4E9F65024953DFB0022BAD3 /* Scan */ = {
			isa = PBXGroup;
			children = (
				E4E9F65124953E060022BAD3 /* Scan.swift */,
				E43354FB24A90E1100F9E8C3 /* Scan+Codable.swift */,
			);
			path = Scan;
			sourceTree = "<group>";
		};
/* End PBXGroup section */

/* Begin PBXNativeTarget section */
		E46D26BF248980CD008B5C9A /* mapper */ = {
			isa = PBXNativeTarget;
			buildConfigurationList = E46D26D4248980CF008B5C9A /* Build configuration list for PBXNativeTarget "mapper" */;
			buildPhases = (
				E46D26BC248980CD008B5C9A /* Sources */,
				E46D26BD248980CD008B5C9A /* Frameworks */,
				E46D26BE248980CD008B5C9A /* Resources */,
			);
			buildRules = (
			);
			dependencies = (
			);
			name = mapper;
			productName = mapper;
			productReference = E46D26C0248980CD008B5C9A /* mapper.app */;
			productType = "com.apple.product-type.application";
		};
/* End PBXNativeTarget section */

/* Begin PBXProject section */
		E46D26B8248980CC008B5C9A /* Project object */ = {
			isa = PBXProject;
			attributes = {
				LastSwiftUpdateCheck = 1140;
				LastUpgradeCheck = 1200;
				ORGANIZATIONNAME = "Theo Chemel";
				TargetAttributes = {
					E46D26BF248980CD008B5C9A = {
						CreatedOnToolsVersion = 11.4.1;
					};
				};
			};
			buildConfigurationList = E46D26BB248980CC008B5C9A /* Build configuration list for PBXProject "mapper" */;
			compatibilityVersion = "Xcode 9.3";
			developmentRegion = en;
			hasScannedForEncodings = 0;
			knownRegions = (
				en,
				Base,
			);
			mainGroup = E46D26B7248980CC008B5C9A;
			productRefGroup = E46D26C1248980CD008B5C9A /* Products */;
			projectDirPath = "";
			projectRoot = "";
			targets = (
				E46D26BF248980CD008B5C9A /* mapper */,
			);
		};
/* End PBXProject section */

/* Begin PBXResourcesBuildPhase section */
		E46D26BE248980CD008B5C9A /* Resources */ = {
			isa = PBXResourcesBuildPhase;
			buildActionMask = 2147483647;
			files = (
				E46D26D0248980CF008B5C9A /* LaunchScreen.storyboard in Resources */,
				E46D26CD248980CF008B5C9A /* Preview Assets.xcassets in Resources */,
				E46D26CA248980CF008B5C9A /* Assets.xcassets in Resources */,
			);
			runOnlyForDeploymentPostprocessing = 0;
		};
/* End PBXResourcesBuildPhase section */

/* Begin PBXSourcesBuildPhase section */
		E46D26BC248980CD008B5C9A /* Sources */ = {
			isa = PBXSourcesBuildPhase;
			buildActionMask = 2147483647;
			files = (
				E419B7F7249BD1BB005DEF58 /* Point.swift in Sources */,
				E40CDAA1248EAD4200D9B710 /* ObjectSelectorViewController.swift in Sources */,
				E417195C24903ECD00FEC62C /* Plane.swift in Sources */,
				E4E9F65224953E060022BAD3 /* Scan.swift in Sources */,
				E4036610249914CA007C0D99 /* UserDefaults.swift in Sources */,
				E465C499249A98D300AA7B6D /* ReconstructionVisualizationViewController.swift in Sources */,
				E4DE6B132495552300A491A6 /* OcclusionNode.swift in Sources */,
				E433550924A9115700F9E8C3 /* PointCloud+Codable.swift in Sources */,
				E4DE6B15249557F800A491A6 /* ScanRecorder+ObjectPlacementManagerDelegate.swift in Sources */,
				E4DFB26E24A8E5F100828366 /* PointCloudVisualizationViewController.swift in Sources */,
				E465C497249A98BE00AA7B6D /* ReconstructionVisualizationHostView.swift in Sources */,
				E46D26C4248980CD008B5C9A /* AppDelegate.swift in Sources */,
				E433551324A9161C00F9E8C3 /* Point+Codable.swift in Sources */,
				E419B7F2249BC51B005DEF58 /* FloorplanVisualizationView.swift in Sources */,
				E433551F24A91CBB00F9E8C3 /* Reconstruction+Codable.swift in Sources */,
				E420BAB024A1325D00C26ED0 /* FloorplanVisualizationBracketView.swift in Sources */,
				E419B7F5249BC52C005DEF58 /* Floorplan.swift in Sources */,
				E41719562490085300FEC62C /* ScanState.swift in Sources */,
				E4DFB25B24A8E48600828366 /* PointCloudManager.swift in Sources */,
				E43EB3BF2496B0050081ADB2 /* ObjectPlacementManagerDelegate.swift in Sources */,
				E433551B24A9194B00F9E8C3 /* Plane+Codable.swift in Sources */,
				E4E7C5F7249C203B005CA33C /* ObjectPlacementManager+BoundAxis.swift in Sources */,
				E4B51F8024A971EA008DC89E /* CodingUserInfoKey.swift in Sources */,
				E43EB3C12496B1090081ADB2 /* ObjectNode.swift in Sources */,
				E4DFB26C24A8E5F100828366 /* PointCloudVisualizationView.swift in Sources */,
				E4D981BD248D93AA00F23C3A /* ScanRecorderViewController.swift in Sources */,
				E417194E248FF73000FEC62C /* MinimapViewController.swift in Sources */,
				E40CDAA5248ED7C300D9B710 /* Object.swift in Sources */,
				E465C49B249A98DD00AA7B6D /* ReconstructionVisualizationView.swift in Sources */,
				E40CDA9D248EA19B00D9B710 /* CoachingViewController.swift in Sources */,
				E4171952248FFDEC00FEC62C /* ScanRecorder.swift in Sources */,
				E46D26EA2489986C008B5C9A /* ScanView.swift in Sources */,
				E4E9F64424952E060022BAD3 /* Plane+Alignment.swift in Sources */,
				E4171950248FF73A00FEC62C /* MinimapView.swift in Sources */,
				E40CDA9B248EA19100D9B710 /* CoachingView.swift in Sources */,
				E43354F624A90A0F00F9E8C3 /* RawFloorplan.swift in Sources */,
				E40CDA9F248EAD3600D9B710 /* ObjectSelectorView.swift in Sources */,
				E4E9F64C2495307D0022BAD3 /* Object+Category.swift in Sources */,
				E420BAAE24A1220700C26ED0 /* FloorplanVisualizationScaleView.swift in Sources */,
				E4E7C5FB249C2053005CA33C /* FloorBox2DPlacementManager.swift in Sources */,
				E467D40C24918338005887AD /* MinimapWallsView.swift in Sources */,
				E4D981B8248D8D0800F23C3A /* StartScanView.swift in Sources */,
				E4D981BA248D931100F23C3A /* ScanRecorderHostView.swift in Sources */,
				E4DFB26624A8E54600828366 /* MetalBuffer.swift in Sources */,
				E4DE6B11249554EB00A491A6 /* ScanRecorder+ARSCNViewDelegate.swift in Sources */,
				E433550F24A9159E00F9E8C3 /* Wall+Codable.swift in Sources */,
				E46CF9112497AB2700838A6C /* ScanRecorderViewControllerDelegate.swift in Sources */,
				E46D26DD2489818D008B5C9A /* ScanListCellView.swift in Sources */,
				E4DF046224A631DA00AF7218 /* PointCloud.swift in Sources */,
				E4171954248FFE9400FEC62C /* ARViewProvider.swift in Sources */,
				E4DE6B172495593E00A491A6 /* Object+PlacementCategory.swift in Sources */,
				E417195A24900CE400FEC62C /* MinimapCameraIndicatorView.swift in Sources */,
				E46252E02489B7B70078DDD7 /* SettingsView.swift in Sources */,
				E420BAB224A1547B00C26ED0 /* ReconstructionVisualizationViewController+UIDragInteractionDelegate.swift in Sources */,
				E433551724A917F600F9E8C3 /* Object+Codable.swift in Sources */,
				E4DFB26D24A8E5F100828366 /* PointCloudVisualizationViewController+UIDragInteractionDelegate.swift in Sources */,
				E46D26C6248980CD008B5C9A /* SceneDelegate.swift in Sources */,
				E4DE6B1924955D5C00A491A6 /* ObjectSelectorCategoryButton.swift in Sources */,
				E46D26DB24898135008B5C9A /* ContentView.swift in Sources */,
				E4E9F64224952DFC0022BAD3 /* Plane+Classification.swift in Sources */,
				E419B7E8249BB025005DEF58 /* Reconstruction.swift in Sources */,
				E417195824900A0D00FEC62C /* ScanRecorderDelegate.swift in Sources */,
				E4DFB26524A8E54600828366 /* PointCloud.metal in Sources */,
				E433550B24A912F800F9E8C3 /* Floorplan+Codable.swift in Sources */,
				E419B7EB249BC3E1005DEF58 /* Wall.swift in Sources */,
				E431D0E024A11FA200F654DC /* FloorplanVisualizationObjectView.swift in Sources */,
				E4D981B6248D8CC600F23C3A /* ScanVisualizationView.swift in Sources */,
				E4E9F64624952E0E0022BAD3 /* Plane+Geometry.swift in Sources */,
				E433551D24A91C0400F9E8C3 /* RawFloorplan+Codable.swift in Sources */,
				E419B7F0249BC50E005DEF58 /* FloorplanVisualizationViewController.swift in Sources */,
				E4DE6B0F249554CF00A491A6 /* ScanRecorder+ARSessionDelegate.swift in Sources */,
				E4DFB26F24A8E5F100828366 /* PointCloudVisualizationHostView.swift in Sources */,
				E419B7EE249BC4FD005DEF58 /* FloorplanVisualizationHostView.swift in Sources */,
				E46D26E6248984E6008B5C9A /* MapperModels.xcdatamodeld in Sources */,
				E43EB3BD24968E1E0081ADB2 /* CursorNode.swift in Sources */,
				E40CDA99248DE2D400D9B710 /* ScanRecorderView.swift in Sources */,
				E46D26D9248980FD008B5C9A /* ScanListView.swift in Sources */,
				E46D26E824898C09008B5C9A /* CreateScanView.swift in Sources */,
				E4E7C5F9249C2048005CA33C /* WallBox2DPlacementManager.swift in Sources */,
				E43EB3BB24968ADB0081ADB2 /* ObjectPlacementManager.swift in Sources */,
				E46B61E52491576C00C4E7A8 /* WallNode.swift in Sources */,
				E43354FC24A90E1100F9E8C3 /* Scan+Codable.swift in Sources */,
			);
			runOnlyForDeploymentPostprocessing = 0;
		};
/* End PBXSourcesBuildPhase section */

/* Begin PBXVariantGroup section */
		E46D26CE248980CF008B5C9A /* LaunchScreen.storyboard */ = {
			isa = PBXVariantGroup;
			children = (
				E46D26CF248980CF008B5C9A /* Base */,
			);
			name = LaunchScreen.storyboard;
			sourceTree = "<group>";
		};
/* End PBXVariantGroup section */

/* Begin XCBuildConfiguration section */
		E46D26D2248980CF008B5C9A /* Debug */ = {
			isa = XCBuildConfiguration;
			buildSettings = {
				ALWAYS_SEARCH_USER_PATHS = NO;
				CLANG_ANALYZER_NONNULL = YES;
				CLANG_ANALYZER_NUMBER_OBJECT_CONVERSION = YES_AGGRESSIVE;
				CLANG_CXX_LANGUAGE_STANDARD = "gnu++14";
				CLANG_CXX_LIBRARY = "libc++";
				CLANG_ENABLE_MODULES = YES;
				CLANG_ENABLE_OBJC_ARC = YES;
				CLANG_ENABLE_OBJC_WEAK = YES;
				CLANG_WARN_BLOCK_CAPTURE_AUTORELEASING = YES;
				CLANG_WARN_BOOL_CONVERSION = YES;
				CLANG_WARN_COMMA = YES;
				CLANG_WARN_CONSTANT_CONVERSION = YES;
				CLANG_WARN_DEPRECATED_OBJC_IMPLEMENTATIONS = YES;
				CLANG_WARN_DIRECT_OBJC_ISA_USAGE = YES_ERROR;
				CLANG_WARN_DOCUMENTATION_COMMENTS = YES;
				CLANG_WARN_EMPTY_BODY = YES;
				CLANG_WARN_ENUM_CONVERSION = YES;
				CLANG_WARN_INFINITE_RECURSION = YES;
				CLANG_WARN_INT_CONVERSION = YES;
				CLANG_WARN_NON_LITERAL_NULL_CONVERSION = YES;
				CLANG_WARN_OBJC_IMPLICIT_RETAIN_SELF = YES;
				CLANG_WARN_OBJC_LITERAL_CONVERSION = YES;
				CLANG_WARN_OBJC_ROOT_CLASS = YES_ERROR;
				CLANG_WARN_QUOTED_INCLUDE_IN_FRAMEWORK_HEADER = YES;
				CLANG_WARN_RANGE_LOOP_ANALYSIS = YES;
				CLANG_WARN_STRICT_PROTOTYPES = YES;
				CLANG_WARN_SUSPICIOUS_MOVE = YES;
				CLANG_WARN_UNGUARDED_AVAILABILITY = YES_AGGRESSIVE;
				CLANG_WARN_UNREACHABLE_CODE = YES;
				CLANG_WARN__DUPLICATE_METHOD_MATCH = YES;
				COPY_PHASE_STRIP = NO;
				DEBUG_INFORMATION_FORMAT = dwarf;
				ENABLE_STRICT_OBJC_MSGSEND = YES;
				ENABLE_TESTABILITY = YES;
				GCC_C_LANGUAGE_STANDARD = gnu11;
				GCC_DYNAMIC_NO_PIC = NO;
				GCC_NO_COMMON_BLOCKS = YES;
				GCC_OPTIMIZATION_LEVEL = 0;
				GCC_PREPROCESSOR_DEFINITIONS = (
					"DEBUG=1",
					"$(inherited)",
				);
				GCC_WARN_64_TO_32_BIT_CONVERSION = YES;
				GCC_WARN_ABOUT_RETURN_TYPE = YES_ERROR;
				GCC_WARN_UNDECLARED_SELECTOR = YES;
				GCC_WARN_UNINITIALIZED_AUTOS = YES_AGGRESSIVE;
				GCC_WARN_UNUSED_FUNCTION = YES;
				GCC_WARN_UNUSED_VARIABLE = YES;
				IPHONEOS_DEPLOYMENT_TARGET = 13.4;
				MTL_ENABLE_DEBUG_INFO = INCLUDE_SOURCE;
				MTL_FAST_MATH = YES;
				ONLY_ACTIVE_ARCH = YES;
				SDKROOT = iphoneos;
				SWIFT_ACTIVE_COMPILATION_CONDITIONS = DEBUG;
				SWIFT_OBJC_BRIDGING_HEADER = "mapper/Metal/mapper-Bridging-Header.h";
				SWIFT_OPTIMIZATION_LEVEL = "-Onone";
			};
			name = Debug;
		};
		E46D26D3248980CF008B5C9A /* Release */ = {
			isa = XCBuildConfiguration;
			buildSettings = {
				ALWAYS_SEARCH_USER_PATHS = NO;
				CLANG_ANALYZER_NONNULL = YES;
				CLANG_ANALYZER_NUMBER_OBJECT_CONVERSION = YES_AGGRESSIVE;
				CLANG_CXX_LANGUAGE_STANDARD = "gnu++14";
				CLANG_CXX_LIBRARY = "libc++";
				CLANG_ENABLE_MODULES = YES;
				CLANG_ENABLE_OBJC_ARC = YES;
				CLANG_ENABLE_OBJC_WEAK = YES;
				CLANG_WARN_BLOCK_CAPTURE_AUTORELEASING = YES;
				CLANG_WARN_BOOL_CONVERSION = YES;
				CLANG_WARN_COMMA = YES;
				CLANG_WARN_CONSTANT_CONVERSION = YES;
				CLANG_WARN_DEPRECATED_OBJC_IMPLEMENTATIONS = YES;
				CLANG_WARN_DIRECT_OBJC_ISA_USAGE = YES_ERROR;
				CLANG_WARN_DOCUMENTATION_COMMENTS = YES;
				CLANG_WARN_EMPTY_BODY = YES;
				CLANG_WARN_ENUM_CONVERSION = YES;
				CLANG_WARN_INFINITE_RECURSION = YES;
				CLANG_WARN_INT_CONVERSION = YES;
				CLANG_WARN_NON_LITERAL_NULL_CONVERSION = YES;
				CLANG_WARN_OBJC_IMPLICIT_RETAIN_SELF = YES;
				CLANG_WARN_OBJC_LITERAL_CONVERSION = YES;
				CLANG_WARN_OBJC_ROOT_CLASS = YES_ERROR;
				CLANG_WARN_QUOTED_INCLUDE_IN_FRAMEWORK_HEADER = YES;
				CLANG_WARN_RANGE_LOOP_ANALYSIS = YES;
				CLANG_WARN_STRICT_PROTOTYPES = YES;
				CLANG_WARN_SUSPICIOUS_MOVE = YES;
				CLANG_WARN_UNGUARDED_AVAILABILITY = YES_AGGRESSIVE;
				CLANG_WARN_UNREACHABLE_CODE = YES;
				CLANG_WARN__DUPLICATE_METHOD_MATCH = YES;
				COPY_PHASE_STRIP = NO;
				DEBUG_INFORMATION_FORMAT = "dwarf-with-dsym";
				ENABLE_NS_ASSERTIONS = NO;
				ENABLE_STRICT_OBJC_MSGSEND = YES;
				GCC_C_LANGUAGE_STANDARD = gnu11;
				GCC_NO_COMMON_BLOCKS = YES;
				GCC_WARN_64_TO_32_BIT_CONVERSION = YES;
				GCC_WARN_ABOUT_RETURN_TYPE = YES_ERROR;
				GCC_WARN_UNDECLARED_SELECTOR = YES;
				GCC_WARN_UNINITIALIZED_AUTOS = YES_AGGRESSIVE;
				GCC_WARN_UNUSED_FUNCTION = YES;
				GCC_WARN_UNUSED_VARIABLE = YES;
				IPHONEOS_DEPLOYMENT_TARGET = 13.4;
				MTL_ENABLE_DEBUG_INFO = NO;
				MTL_FAST_MATH = YES;
				SDKROOT = iphoneos;
				SWIFT_COMPILATION_MODE = wholemodule;
				SWIFT_OBJC_BRIDGING_HEADER = "mapper/Metal/mapper-Bridging-Header.h";
				SWIFT_OPTIMIZATION_LEVEL = "-O";
				VALIDATE_PRODUCT = YES;
			};
			name = Release;
		};
		E46D26D5248980CF008B5C9A /* Debug */ = {
			isa = XCBuildConfiguration;
			buildSettings = {
				ASSETCATALOG_COMPILER_APPICON_NAME = AppIcon;
				CODE_SIGN_STYLE = Automatic;
				DEVELOPMENT_ASSET_PATHS = "\"mapper/Preview Content\"";
				DEVELOPMENT_TEAM = VH7MSB4ML9;
				ENABLE_PREVIEWS = YES;
				INFOPLIST_FILE = mapper/Info.plist;
				IPHONEOS_DEPLOYMENT_TARGET = 14.0;
				LD_RUNPATH_SEARCH_PATHS = (
					"$(inherited)",
					"@executable_path/Frameworks",
				);
				PRODUCT_BUNDLE_IDENTIFIER = com.theochemel.mapper;
				PRODUCT_NAME = "$(TARGET_NAME)";
				SWIFT_VERSION = 5.0;
				TARGETED_DEVICE_FAMILY = "1,2";
			};
			name = Debug;
		};
		E46D26D6248980CF008B5C9A /* Release */ = {
			isa = XCBuildConfiguration;
			buildSettings = {
				ASSETCATALOG_COMPILER_APPICON_NAME = AppIcon;
				CODE_SIGN_STYLE = Automatic;
				DEVELOPMENT_ASSET_PATHS = "\"mapper/Preview Content\"";
				DEVELOPMENT_TEAM = VH7MSB4ML9;
				ENABLE_PREVIEWS = YES;
				INFOPLIST_FILE = mapper/Info.plist;
				IPHONEOS_DEPLOYMENT_TARGET = 14.0;
				LD_RUNPATH_SEARCH_PATHS = (
					"$(inherited)",
					"@executable_path/Frameworks",
				);
				PRODUCT_BUNDLE_IDENTIFIER = com.theochemel.mapper;
				PRODUCT_NAME = "$(TARGET_NAME)";
				SWIFT_VERSION = 5.0;
				TARGETED_DEVICE_FAMILY = "1,2";
			};
			name = Release;
		};
/* End XCBuildConfiguration section */

/* Begin XCConfigurationList section */
		E46D26BB248980CC008B5C9A /* Build configuration list for PBXProject "mapper" */ = {
			isa = XCConfigurationList;
			buildConfigurations = (
				E46D26D2248980CF008B5C9A /* Debug */,
				E46D26D3248980CF008B5C9A /* Release */,
			);
			defaultConfigurationIsVisible = 0;
			defaultConfigurationName = Release;
		};
		E46D26D4248980CF008B5C9A /* Build configuration list for PBXNativeTarget "mapper" */ = {
			isa = XCConfigurationList;
			buildConfigurations = (
				E46D26D5248980CF008B5C9A /* Debug */,
				E46D26D6248980CF008B5C9A /* Release */,
			);
			defaultConfigurationIsVisible = 0;
			defaultConfigurationName = Release;
		};
/* End XCConfigurationList section */

/* Begin XCVersionGroup section */
		E46D26E4248984E6008B5C9A /* MapperModels.xcdatamodeld */ = {
			isa = XCVersionGroup;
			children = (
				E46D26E5248984E6008B5C9A /* MapperModels.xcdatamodel */,
			);
			currentVersion = E46D26E5248984E6008B5C9A /* MapperModels.xcdatamodel */;
			path = MapperModels.xcdatamodeld;
			sourceTree = "<group>";
			versionGroupType = wrapper.xcdatamodel;
		};
/* End XCVersionGroup section */
	};
	rootObject = E46D26B8248980CC008B5C9A /* Project object */;
}
